// !$*UTF8*$!
{
	archiveVersion = 1;
	classes = {
	};
	objectVersion = 51;
	objects = {

/* Begin PBXBuildFile section */
		080D021025FCDAAC0092633D /* UIImageVIew.swift in Sources */ = {isa = PBXBuildFile; fileRef = 080D020F25FCDAAC0092633D /* UIImageVIew.swift */; };
		0812067D27E8C373009E4E57 /* CustomPageControl.swift in Sources */ = {isa = PBXBuildFile; fileRef = 0812067C27E8C373009E4E57 /* CustomPageControl.swift */; };
		081536F125EF4C7C000D13D3 /* EditRecordViewModel.swift in Sources */ = {isa = PBXBuildFile; fileRef = 081536F025EF4C7C000D13D3 /* EditRecordViewModel.swift */; };
		08167AC325EE562800C45E2D /* RecordTableViewCell.swift in Sources */ = {isa = PBXBuildFile; fileRef = 08167AC225EE562800C45E2D /* RecordTableViewCell.swift */; };
		08167AC825EE58C100C45E2D /* RecordViewModel.swift in Sources */ = {isa = PBXBuildFile; fileRef = 08167AC725EE58C100C45E2D /* RecordViewModel.swift */; };
		081E4AE827CCC5EB00ADF7DE /* WalkViewController.swift in Sources */ = {isa = PBXBuildFile; fileRef = 081E4AE727CCC5EB00ADF7DE /* WalkViewController.swift */; };
		081E4AEA27CCE52000ADF7DE /* WalkViewModel.swift in Sources */ = {isa = PBXBuildFile; fileRef = 081E4AE927CCE52000ADF7DE /* WalkViewModel.swift */; };
		0823AEC5261EEAD100670CA1 /* SearchSpeciesViewModel.swift in Sources */ = {isa = PBXBuildFile; fileRef = 0823AEC4261EEAD100670CA1 /* SearchSpeciesViewModel.swift */; };
		08248C112612F5B8007E02DF /* NanumGothic.ttf in Resources */ = {isa = PBXBuildFile; fileRef = 08248C102612F5B8007E02DF /* NanumGothic.ttf */; };
		08248C162612F5BF007E02DF /* NanumGothicBold.ttf in Resources */ = {isa = PBXBuildFile; fileRef = 08248C152612F5BF007E02DF /* NanumGothicBold.ttf */; };
		0825A1AC266F831800BB8A64 /* RecordViewController.swift in Sources */ = {isa = PBXBuildFile; fileRef = 08E5C61125DBEA4F000896D2 /* RecordViewController.swift */; };
		08264A8525E2424E002073E6 /* MainViewModel.swift in Sources */ = {isa = PBXBuildFile; fileRef = 08264A8425E2424E002073E6 /* MainViewModel.swift */; };
		08264A9325E254B6002073E6 /* PuppyTableViewCell.swift in Sources */ = {isa = PBXBuildFile; fileRef = 08264A9225E254B6002073E6 /* PuppyTableViewCell.swift */; };
		08286678260485160084F2FF /* SearchSpeciesViewController.swift in Sources */ = {isa = PBXBuildFile; fileRef = 08286677260485160084F2FF /* SearchSpeciesViewController.swift */; };
		082866812604D3060084F2FF /* CustomTextField.swift in Sources */ = {isa = PBXBuildFile; fileRef = 082866802604D3060084F2FF /* CustomTextField.swift */; };
		082866862604E6860084F2FF /* SelectSpeciesDelegate.swift in Sources */ = {isa = PBXBuildFile; fileRef = 082866852604E6860084F2FF /* SelectSpeciesDelegate.swift */; };
		0833CD8E27CE49C100767442 /* SelectPuppyViewModel.swift in Sources */ = {isa = PBXBuildFile; fileRef = 0833CD8D27CE49C100767442 /* SelectPuppyViewModel.swift */; };
		08465C1625E4FD3300371D20 /* EditPuppyViewModel.swift in Sources */ = {isa = PBXBuildFile; fileRef = 08465C1525E4FD3300371D20 /* EditPuppyViewModel.swift */; };
		084CEC7B25E3C73700EFA0DE /* EditPuppyViewController.swift in Sources */ = {isa = PBXBuildFile; fileRef = 084CEC7A25E3C73700EFA0DE /* EditPuppyViewController.swift */; };
		084CEC8025E3C92E00EFA0DE /* RadioButton.swift in Sources */ = {isa = PBXBuildFile; fileRef = 084CEC7F25E3C92E00EFA0DE /* RadioButton.swift */; };
		084CEC9F25E3DAD000EFA0DE /* FetchPuppyViewModel.swift in Sources */ = {isa = PBXBuildFile; fileRef = 084CEC9E25E3DAD000EFA0DE /* FetchPuppyViewModel.swift */; };
		0850CC10260DBD20000F945D /* FetchPuppyViewModelTests.swift in Sources */ = {isa = PBXBuildFile; fileRef = 0850CC0F260DBD20000F945D /* FetchPuppyViewModelTests.swift */; };
		08585CCC260DA1280059EB97 /* FetchAllPuppyViewModelTests.swift in Sources */ = {isa = PBXBuildFile; fileRef = 08585CCB260DA1280059EB97 /* FetchAllPuppyViewModelTests.swift */; };
		085DFC5F25F76501002F7819 /* String.swift in Sources */ = {isa = PBXBuildFile; fileRef = 085DFC5E25F76501002F7819 /* String.swift */; };
		085DFC6625F7889E002F7819 /* UIImage.swift in Sources */ = {isa = PBXBuildFile; fileRef = 085DFC6525F7889E002F7819 /* UIImage.swift */; };
		08665830261AE79F00A9B5E6 /* RecordHeaderTableViewCell.swift in Sources */ = {isa = PBXBuildFile; fileRef = 0866582E261AE79F00A9B5E6 /* RecordHeaderTableViewCell.swift */; };
		08665831261AE79F00A9B5E6 /* RecordHeaderTableViewCell.xib in Resources */ = {isa = PBXBuildFile; fileRef = 0866582F261AE79F00A9B5E6 /* RecordHeaderTableViewCell.xib */; };
		0871388925CD0F560089EA42 /* MainViewController.swift in Sources */ = {isa = PBXBuildFile; fileRef = 0871388825CD0F560089EA42 /* MainViewController.swift */; };
		0871388E25CD62D00089EA42 /* PuppyModel.swift in Sources */ = {isa = PBXBuildFile; fileRef = 0871388D25CD62D00089EA42 /* PuppyModel.swift */; };
		0871E1C027F9D676006644E0 /* WalkReadyViewController.swift in Sources */ = {isa = PBXBuildFile; fileRef = 0871E1BF27F9D676006644E0 /* WalkReadyViewController.swift */; };
		0871E1C227F9DAEC006644E0 /* WalkReadyViewModel.swift in Sources */ = {isa = PBXBuildFile; fileRef = 0871E1C127F9DAEC006644E0 /* WalkReadyViewModel.swift */; };
		087396EA26131E5900622DAC /* UIView.swift in Sources */ = {isa = PBXBuildFile; fileRef = 087396E926131E5900622DAC /* UIView.swift */; };
		0873F26527DE08B600F27D3C /* CLLocationCoordinate2D+.swift in Sources */ = {isa = PBXBuildFile; fileRef = 0873F26427DE08B600F27D3C /* CLLocationCoordinate2D+.swift */; };
		0873F26727DE093300F27D3C /* TimerService.swift in Sources */ = {isa = PBXBuildFile; fileRef = 0873F26627DE093300F27D3C /* TimerService.swift */; };
		0873F26A27DE13A800F27D3C /* MKMapView+.swift in Sources */ = {isa = PBXBuildFile; fileRef = 0873F26927DE13A800F27D3C /* MKMapView+.swift */; };
		0873F26D27DE191D00F27D3C /* ImagePicker.swift in Sources */ = {isa = PBXBuildFile; fileRef = 0873F26C27DE191D00F27D3C /* ImagePicker.swift */; };
		0873F26F27DE1AA500F27D3C /* UIViewController+.swift in Sources */ = {isa = PBXBuildFile; fileRef = 0873F26E27DE1AA500F27D3C /* UIViewController+.swift */; };
		087554C92618B47800746F40 /* PuppyHeaderTableViewCell.swift in Sources */ = {isa = PBXBuildFile; fileRef = 087554C72618B47800746F40 /* PuppyHeaderTableViewCell.swift */; };
		087554CA2618B47800746F40 /* PuppyHeaderTableViewCell.xib in Resources */ = {isa = PBXBuildFile; fileRef = 087554C82618B47800746F40 /* PuppyHeaderTableViewCell.xib */; };
		087554D02618BC7700746F40 /* SettingHeaderTableViewCell.swift in Sources */ = {isa = PBXBuildFile; fileRef = 087554CE2618BC7700746F40 /* SettingHeaderTableViewCell.swift */; };
		087554D12618BC7700746F40 /* SettingHeaderTableViewCell.xib in Resources */ = {isa = PBXBuildFile; fileRef = 087554CF2618BC7700746F40 /* SettingHeaderTableViewCell.xib */; };
		088AFE8D2611F6F200579278 /* EditPuppyViewModelUpdateTests.swift in Sources */ = {isa = PBXBuildFile; fileRef = 088AFE8C2611F6F200579278 /* EditPuppyViewModelUpdateTests.swift */; };
		0890C8E627D4E9AC00A4F04B /* UIButton+.swift in Sources */ = {isa = PBXBuildFile; fileRef = 0890C8E527D4E9AC00A4F04B /* UIButton+.swift */; };
		0893704625E8BD0300C83D35 /* PuppyProfileTableViewCell.swift in Sources */ = {isa = PBXBuildFile; fileRef = 0893704525E8BD0300C83D35 /* PuppyProfileTableViewCell.swift */; };
		0896849025D109E1005C56F7 /* SettingViewController.swift in Sources */ = {isa = PBXBuildFile; fileRef = 0896848F25D109E1005C56F7 /* SettingViewController.swift */; };
		089EAA7A2608B07F000AA141 /* AlertManager.swift in Sources */ = {isa = PBXBuildFile; fileRef = 089EAA792608B07F000AA141 /* AlertManager.swift */; };
		089EAAB42608B18A000AA141 /* AlertStoryboard.storyboard in Resources */ = {isa = PBXBuildFile; fileRef = 089EAAB32608B189000AA141 /* AlertStoryboard.storyboard */; };
		089EAABC2608B61D000AA141 /* AlertViewController.swift in Sources */ = {isa = PBXBuildFile; fileRef = 089EAABB2608B61D000AA141 /* AlertViewController.swift */; };
		08A0789C25DD463B00991E40 /* Encodable.swift in Sources */ = {isa = PBXBuildFile; fileRef = 08A0789B25DD463B00991E40 /* Encodable.swift */; };
		08A9876B25F1037100F60DB6 /* SelectPuppyViewController.swift in Sources */ = {isa = PBXBuildFile; fileRef = 08A9876A25F1037100F60DB6 /* SelectPuppyViewController.swift */; };
		08A9877325F1052F00F60DB6 /* SelectPuppyCollectionViewCell.swift in Sources */ = {isa = PBXBuildFile; fileRef = 08A9877225F1052F00F60DB6 /* SelectPuppyCollectionViewCell.swift */; };
		08B5440127EF31C60037E361 /* PuppyCalendarViewCell.swift in Sources */ = {isa = PBXBuildFile; fileRef = 08B5440027EF31C60037E361 /* PuppyCalendarViewCell.swift */; };
		08B5440527EF3E140037E361 /* NanumSquareRoundR.ttf in Resources */ = {isa = PBXBuildFile; fileRef = 08B5440427EF3E140037E361 /* NanumSquareRoundR.ttf */; };
		08B5440727EF3E1B0037E361 /* NanumSquareRoundB.ttf in Resources */ = {isa = PBXBuildFile; fileRef = 08B5440627EF3E1B0037E361 /* NanumSquareRoundB.ttf */; };
		08B5440927EF416F0037E361 /* WalkInfoView.swift in Sources */ = {isa = PBXBuildFile; fileRef = 08B5440827EF416F0037E361 /* WalkInfoView.swift */; };
		08BB9C1D25C916B100B56F9F /* AppDelegate.swift in Sources */ = {isa = PBXBuildFile; fileRef = 08BB9C1C25C916B100B56F9F /* AppDelegate.swift */; };
		08BB9C1F25C916B100B56F9F /* SceneDelegate.swift in Sources */ = {isa = PBXBuildFile; fileRef = 08BB9C1E25C916B100B56F9F /* SceneDelegate.swift */; };
		08BB9C2425C916B100B56F9F /* Main.storyboard in Resources */ = {isa = PBXBuildFile; fileRef = 08BB9C2225C916B100B56F9F /* Main.storyboard */; };
		08BB9C2625C916B200B56F9F /* Assets.xcassets in Resources */ = {isa = PBXBuildFile; fileRef = 08BB9C2525C916B200B56F9F /* Assets.xcassets */; };
		08BB9C2925C916B200B56F9F /* LaunchScreen.storyboard in Resources */ = {isa = PBXBuildFile; fileRef = 08BB9C2725C916B200B56F9F /* LaunchScreen.storyboard */; };
		08BB9C3F25C916B200B56F9F /* WalkMyDogUITests.swift in Sources */ = {isa = PBXBuildFile; fileRef = 08BB9C3E25C916B200B56F9F /* WalkMyDogUITests.swift */; };
		08BB9CA025C9348F00B56F9F /* TabBarViewController.swift in Sources */ = {isa = PBXBuildFile; fileRef = 08BB9C9F25C9348F00B56F9F /* TabBarViewController.swift */; };
		08D7E7DD2615AE660051DE1D /* SettingTableViewCell.swift in Sources */ = {isa = PBXBuildFile; fileRef = 08D7E7DC2615AE660051DE1D /* SettingTableViewCell.swift */; };
		08E5C4F525DBB537000896D2 /* WeatherData.swift in Sources */ = {isa = PBXBuildFile; fileRef = 08E5C4F425DBB537000896D2 /* WeatherData.swift */; };
		08E5C4F625DBB537000896D2 /* WeatherData.swift in Sources */ = {isa = PBXBuildFile; fileRef = 08E5C4F425DBB537000896D2 /* WeatherData.swift */; };
		08E5C4FE25DBB545000896D2 /* WeatherModel.swift in Sources */ = {isa = PBXBuildFile; fileRef = 08E5C4FD25DBB545000896D2 /* WeatherModel.swift */; };
		08E5C4FF25DBB545000896D2 /* WeatherModel.swift in Sources */ = {isa = PBXBuildFile; fileRef = 08E5C4FD25DBB545000896D2 /* WeatherModel.swift */; };
		08E5C50525DBB5A9000896D2 /* PMData.swift in Sources */ = {isa = PBXBuildFile; fileRef = 08E5C50425DBB5A9000896D2 /* PMData.swift */; };
		08E5C50625DBB5A9000896D2 /* PMData.swift in Sources */ = {isa = PBXBuildFile; fileRef = 08E5C50425DBB5A9000896D2 /* PMData.swift */; };
		08E5C50E25DBB5C0000896D2 /* PMModel.swift in Sources */ = {isa = PBXBuildFile; fileRef = 08E5C50D25DBB5C0000896D2 /* PMModel.swift */; };
		08E5C50F25DBB5C0000896D2 /* PMModel.swift in Sources */ = {isa = PBXBuildFile; fileRef = 08E5C50D25DBB5C0000896D2 /* PMModel.swift */; };
		08E5C51525DBB5E6000896D2 /* FcstModel.swift in Sources */ = {isa = PBXBuildFile; fileRef = 08E5C51425DBB5E6000896D2 /* FcstModel.swift */; };
		08E5C51625DBB5E6000896D2 /* FcstModel.swift in Sources */ = {isa = PBXBuildFile; fileRef = 08E5C51425DBB5E6000896D2 /* FcstModel.swift */; };
		08E5C51F25DBB635000896D2 /* LocationManager.swift in Sources */ = {isa = PBXBuildFile; fileRef = 08E5C51E25DBB635000896D2 /* LocationManager.swift */; };
		08E5C54D25DBB72C000896D2 /* FcstAPIManager.swift in Sources */ = {isa = PBXBuildFile; fileRef = 08E5C54C25DBB72C000896D2 /* FcstAPIManager.swift */; };
		08E5C55525DBB73B000896D2 /* CurrentAPIManager.swift in Sources */ = {isa = PBXBuildFile; fileRef = 08E5C55425DBB73B000896D2 /* CurrentAPIManager.swift */; };
		08E5C55A25DBB75D000896D2 /* CurrentViewModel.swift in Sources */ = {isa = PBXBuildFile; fileRef = 08E5C55925DBB75D000896D2 /* CurrentViewModel.swift */; };
		08E5C56F25DBB799000896D2 /* ViewModelType.swift in Sources */ = {isa = PBXBuildFile; fileRef = 08E5C56E25DBB799000896D2 /* ViewModelType.swift */; };
		08E5C57525DBB7D1000896D2 /* Date.swift in Sources */ = {isa = PBXBuildFile; fileRef = 08E5C57425DBB7D1000896D2 /* Date.swift */; };
		08E5C57D25DBB94C000896D2 /* Constants.swift in Sources */ = {isa = PBXBuildFile; fileRef = 08E5C57C25DBB94C000896D2 /* Constants.swift */; };
		08E5C58225DBB9BF000896D2 /* FcstViewModel.swift in Sources */ = {isa = PBXBuildFile; fileRef = 08E5C58125DBB9BF000896D2 /* FcstViewModel.swift */; };
		08E5C58725DBB9F2000896D2 /* WeatherViewController.swift in Sources */ = {isa = PBXBuildFile; fileRef = 08E5C58625DBB9F2000896D2 /* WeatherViewController.swift */; };
		08E5C60425DBD716000896D2 /* WeatherTableViewCell.swift in Sources */ = {isa = PBXBuildFile; fileRef = 08E5C60325DBD716000896D2 /* WeatherTableViewCell.swift */; };
		08E5C61725DC0D75000896D2 /* UIViewController.swift in Sources */ = {isa = PBXBuildFile; fileRef = 08E5C61625DC0D75000896D2 /* UIViewController.swift */; };
		08EAB1D02616EBE700B15D72 /* SettingViewModel.swift in Sources */ = {isa = PBXBuildFile; fileRef = 08EAB1CF2616EBE700B15D72 /* SettingViewModel.swift */; };
		08ED928B2610B37300F20255 /* VoidRecord.swift in Sources */ = {isa = PBXBuildFile; fileRef = 08ED928A2610B37300F20255 /* VoidRecord.swift */; };
		08EFBA2927D4D0AB00D96AB9 /* RxMKMapViewDelegateProxy.swift in Sources */ = {isa = PBXBuildFile; fileRef = 08EFBA2827D4D0AB00D96AB9 /* RxMKMapViewDelegateProxy.swift */; };
		08EFBA2B27D4D1A500D96AB9 /* MKMapView+Rx.swift in Sources */ = {isa = PBXBuildFile; fileRef = 08EFBA2A27D4D1A500D96AB9 /* MKMapView+Rx.swift */; };
		08F17B2827EB0FE600413C74 /* SlideView.swift in Sources */ = {isa = PBXBuildFile; fileRef = 08F17B2727EB0FE600413C74 /* SlideView.swift */; };
		08F6DA5C260DD7CC00EB3F0E /* EditPuppyViewModelCreateTests.swift in Sources */ = {isa = PBXBuildFile; fileRef = 08F6DA5B260DD7CC00EB3F0E /* EditPuppyViewModelCreateTests.swift */; };
		08F911C225F1E7FB0043438D /* CheckButton.swift in Sources */ = {isa = PBXBuildFile; fileRef = 08F911C125F1E7FB0043438D /* CheckButton.swift */; };
		08F911C725F1EEF30043438D /* EditRecordViewController.swift in Sources */ = {isa = PBXBuildFile; fileRef = 08F911C625F1EEF30043438D /* EditRecordViewController.swift */; };
		6A1953B12806C57900E74784 /* RealmService.swift in Sources */ = {isa = PBXBuildFile; fileRef = 6A1953B02806C57900E74784 /* RealmService.swift */; };
		6A21FD5C27E86E650051EDB1 /* PuppyInfoViewCell.swift in Sources */ = {isa = PBXBuildFile; fileRef = 6A21FD5B27E86E650051EDB1 /* PuppyInfoViewCell.swift */; };
		6A21FD5E27E86F670051EDB1 /* UIColor+.swift in Sources */ = {isa = PBXBuildFile; fileRef = 6A21FD5D27E86F670051EDB1 /* UIColor+.swift */; };
		6A653E412807F07300F3B3D6 /* PuppyRealmService.swift in Sources */ = {isa = PBXBuildFile; fileRef = 6A653E402807F07300F3B3D6 /* PuppyRealmService.swift */; };
		6A653E432808020900F3B3D6 /* RecordRealmService.swift in Sources */ = {isa = PBXBuildFile; fileRef = 6A653E422808020900F3B3D6 /* RecordRealmService.swift */; };
		6DCE6B7586F629DE07D2B629 /* Pods_WalkMyDog.framework in Frameworks */ = {isa = PBXBuildFile; fileRef = 89E3CD43FA2F587E26EE961E /* Pods_WalkMyDog.framework */; };
		7DCBDD36D7C0710E9A9158BB /* Pods_WalkMyDog_WalkMyDogUITests.framework in Frameworks */ = {isa = PBXBuildFile; fileRef = DEE19ABA40368AC60688A164 /* Pods_WalkMyDog_WalkMyDogUITests.framework */; };
		955C34807328BE1002E4D8BC /* Pods_WalkMyDogTests.framework in Frameworks */ = {isa = PBXBuildFile; fileRef = 5D71B3F7ACB3F446E34B88B4 /* Pods_WalkMyDogTests.framework */; };
/* End PBXBuildFile section */

/* Begin PBXContainerItemProxy section */
		08BB9C3025C916B200B56F9F /* PBXContainerItemProxy */ = {
			isa = PBXContainerItemProxy;
			containerPortal = 08BB9C1125C916B100B56F9F /* Project object */;
			proxyType = 1;
			remoteGlobalIDString = 08BB9C1825C916B100B56F9F;
			remoteInfo = WalkMyDog;
		};
		08BB9C3B25C916B200B56F9F /* PBXContainerItemProxy */ = {
			isa = PBXContainerItemProxy;
			containerPortal = 08BB9C1125C916B100B56F9F /* Project object */;
			proxyType = 1;
			remoteGlobalIDString = 08BB9C1825C916B100B56F9F;
			remoteInfo = WalkMyDog;
		};
/* End PBXContainerItemProxy section */

/* Begin PBXFileReference section */
		0293F19AFD3FFF3DC2C50323 /* Pods-WalkMyDogTests.release.xcconfig */ = {isa = PBXFileReference; includeInIndex = 1; lastKnownFileType = text.xcconfig; name = "Pods-WalkMyDogTests.release.xcconfig"; path = "Target Support Files/Pods-WalkMyDogTests/Pods-WalkMyDogTests.release.xcconfig"; sourceTree = "<group>"; };
		080D020F25FCDAAC0092633D /* UIImageVIew.swift */ = {isa = PBXFileReference; lastKnownFileType = sourcecode.swift; path = UIImageVIew.swift; sourceTree = "<group>"; };
		0812067C27E8C373009E4E57 /* CustomPageControl.swift */ = {isa = PBXFileReference; lastKnownFileType = sourcecode.swift; path = CustomPageControl.swift; sourceTree = "<group>"; };
		081536F025EF4C7C000D13D3 /* EditRecordViewModel.swift */ = {isa = PBXFileReference; lastKnownFileType = sourcecode.swift; path = EditRecordViewModel.swift; sourceTree = "<group>"; };
		08167A9425ECC7A100C45E2D /* StorageManager.swift */ = {isa = PBXFileReference; lastKnownFileType = sourcecode.swift; path = StorageManager.swift; sourceTree = "<group>"; };
		08167AC225EE562800C45E2D /* RecordTableViewCell.swift */ = {isa = PBXFileReference; lastKnownFileType = sourcecode.swift; path = RecordTableViewCell.swift; sourceTree = "<group>"; };
		08167AC725EE58C100C45E2D /* RecordViewModel.swift */ = {isa = PBXFileReference; lastKnownFileType = sourcecode.swift; path = RecordViewModel.swift; sourceTree = "<group>"; };
		081E4AE727CCC5EB00ADF7DE /* WalkViewController.swift */ = {isa = PBXFileReference; lastKnownFileType = sourcecode.swift; path = WalkViewController.swift; sourceTree = "<group>"; };
		081E4AE927CCE52000ADF7DE /* WalkViewModel.swift */ = {isa = PBXFileReference; lastKnownFileType = sourcecode.swift; path = WalkViewModel.swift; sourceTree = "<group>"; };
		0823AEC4261EEAD100670CA1 /* SearchSpeciesViewModel.swift */ = {isa = PBXFileReference; lastKnownFileType = sourcecode.swift; path = SearchSpeciesViewModel.swift; sourceTree = "<group>"; };
		08248C102612F5B8007E02DF /* NanumGothic.ttf */ = {isa = PBXFileReference; lastKnownFileType = file; path = NanumGothic.ttf; sourceTree = "<group>"; };
		08248C152612F5BF007E02DF /* NanumGothicBold.ttf */ = {isa = PBXFileReference; lastKnownFileType = file; path = NanumGothicBold.ttf; sourceTree = "<group>"; };
		08264A8425E2424E002073E6 /* MainViewModel.swift */ = {isa = PBXFileReference; lastKnownFileType = sourcecode.swift; path = MainViewModel.swift; sourceTree = "<group>"; };
		08264A9225E254B6002073E6 /* PuppyTableViewCell.swift */ = {isa = PBXFileReference; lastKnownFileType = sourcecode.swift; path = PuppyTableViewCell.swift; sourceTree = "<group>"; };
		08286677260485160084F2FF /* SearchSpeciesViewController.swift */ = {isa = PBXFileReference; lastKnownFileType = sourcecode.swift; path = SearchSpeciesViewController.swift; sourceTree = "<group>"; };
		082866802604D3060084F2FF /* CustomTextField.swift */ = {isa = PBXFileReference; lastKnownFileType = sourcecode.swift; path = CustomTextField.swift; sourceTree = "<group>"; };
		082866852604E6860084F2FF /* SelectSpeciesDelegate.swift */ = {isa = PBXFileReference; lastKnownFileType = sourcecode.swift; path = SelectSpeciesDelegate.swift; sourceTree = "<group>"; };
		0833CD8D27CE49C100767442 /* SelectPuppyViewModel.swift */ = {isa = PBXFileReference; lastKnownFileType = sourcecode.swift; path = SelectPuppyViewModel.swift; sourceTree = "<group>"; };
		08465C1525E4FD3300371D20 /* EditPuppyViewModel.swift */ = {isa = PBXFileReference; lastKnownFileType = sourcecode.swift; path = EditPuppyViewModel.swift; sourceTree = "<group>"; };
		084CEC7A25E3C73700EFA0DE /* EditPuppyViewController.swift */ = {isa = PBXFileReference; lastKnownFileType = sourcecode.swift; path = EditPuppyViewController.swift; sourceTree = "<group>"; };
		084CEC7F25E3C92E00EFA0DE /* RadioButton.swift */ = {isa = PBXFileReference; lastKnownFileType = sourcecode.swift; path = RadioButton.swift; sourceTree = "<group>"; };
		084CEC9E25E3DAD000EFA0DE /* FetchPuppyViewModel.swift */ = {isa = PBXFileReference; lastKnownFileType = sourcecode.swift; path = FetchPuppyViewModel.swift; sourceTree = "<group>"; };
		0850CC0F260DBD20000F945D /* FetchPuppyViewModelTests.swift */ = {isa = PBXFileReference; lastKnownFileType = sourcecode.swift; path = FetchPuppyViewModelTests.swift; sourceTree = "<group>"; };
		08585CCB260DA1280059EB97 /* FetchAllPuppyViewModelTests.swift */ = {isa = PBXFileReference; lastKnownFileType = sourcecode.swift; path = FetchAllPuppyViewModelTests.swift; sourceTree = "<group>"; };
		085DFC5E25F76501002F7819 /* String.swift */ = {isa = PBXFileReference; lastKnownFileType = sourcecode.swift; path = String.swift; sourceTree = "<group>"; };
		085DFC6525F7889E002F7819 /* UIImage.swift */ = {isa = PBXFileReference; lastKnownFileType = sourcecode.swift; path = UIImage.swift; sourceTree = "<group>"; };
		0866582E261AE79F00A9B5E6 /* RecordHeaderTableViewCell.swift */ = {isa = PBXFileReference; lastKnownFileType = sourcecode.swift; path = RecordHeaderTableViewCell.swift; sourceTree = "<group>"; };
		0866582F261AE79F00A9B5E6 /* RecordHeaderTableViewCell.xib */ = {isa = PBXFileReference; lastKnownFileType = file.xib; path = RecordHeaderTableViewCell.xib; sourceTree = "<group>"; };
		0871388825CD0F560089EA42 /* MainViewController.swift */ = {isa = PBXFileReference; lastKnownFileType = sourcecode.swift; path = MainViewController.swift; sourceTree = "<group>"; };
		0871388D25CD62D00089EA42 /* PuppyModel.swift */ = {isa = PBXFileReference; lastKnownFileType = sourcecode.swift; path = PuppyModel.swift; sourceTree = "<group>"; };
		0871E1BF27F9D676006644E0 /* WalkReadyViewController.swift */ = {isa = PBXFileReference; lastKnownFileType = sourcecode.swift; path = WalkReadyViewController.swift; sourceTree = "<group>"; };
		0871E1C127F9DAEC006644E0 /* WalkReadyViewModel.swift */ = {isa = PBXFileReference; lastKnownFileType = sourcecode.swift; path = WalkReadyViewModel.swift; sourceTree = "<group>"; };
		087396E926131E5900622DAC /* UIView.swift */ = {isa = PBXFileReference; lastKnownFileType = sourcecode.swift; path = UIView.swift; sourceTree = "<group>"; };
		0873F26427DE08B600F27D3C /* CLLocationCoordinate2D+.swift */ = {isa = PBXFileReference; lastKnownFileType = sourcecode.swift; path = "CLLocationCoordinate2D+.swift"; sourceTree = "<group>"; };
		0873F26627DE093300F27D3C /* TimerService.swift */ = {isa = PBXFileReference; lastKnownFileType = sourcecode.swift; path = TimerService.swift; sourceTree = "<group>"; };
		0873F26927DE13A800F27D3C /* MKMapView+.swift */ = {isa = PBXFileReference; lastKnownFileType = sourcecode.swift; path = "MKMapView+.swift"; sourceTree = "<group>"; };
		0873F26C27DE191D00F27D3C /* ImagePicker.swift */ = {isa = PBXFileReference; lastKnownFileType = sourcecode.swift; path = ImagePicker.swift; sourceTree = "<group>"; };
		0873F26E27DE1AA500F27D3C /* UIViewController+.swift */ = {isa = PBXFileReference; lastKnownFileType = sourcecode.swift; path = "UIViewController+.swift"; sourceTree = "<group>"; };
		087554C72618B47800746F40 /* PuppyHeaderTableViewCell.swift */ = {isa = PBXFileReference; lastKnownFileType = sourcecode.swift; path = PuppyHeaderTableViewCell.swift; sourceTree = "<group>"; };
		087554C82618B47800746F40 /* PuppyHeaderTableViewCell.xib */ = {isa = PBXFileReference; lastKnownFileType = file.xib; path = PuppyHeaderTableViewCell.xib; sourceTree = "<group>"; };
		087554CE2618BC7700746F40 /* SettingHeaderTableViewCell.swift */ = {isa = PBXFileReference; lastKnownFileType = sourcecode.swift; path = SettingHeaderTableViewCell.swift; sourceTree = "<group>"; };
		087554CF2618BC7700746F40 /* SettingHeaderTableViewCell.xib */ = {isa = PBXFileReference; lastKnownFileType = file.xib; path = SettingHeaderTableViewCell.xib; sourceTree = "<group>"; };
		088AFE8C2611F6F200579278 /* EditPuppyViewModelUpdateTests.swift */ = {isa = PBXFileReference; lastKnownFileType = sourcecode.swift; path = EditPuppyViewModelUpdateTests.swift; sourceTree = "<group>"; };
		0890C8E527D4E9AC00A4F04B /* UIButton+.swift */ = {isa = PBXFileReference; lastKnownFileType = sourcecode.swift; path = "UIButton+.swift"; sourceTree = "<group>"; };
		0893704525E8BD0300C83D35 /* PuppyProfileTableViewCell.swift */ = {isa = PBXFileReference; lastKnownFileType = sourcecode.swift; path = PuppyProfileTableViewCell.swift; sourceTree = "<group>"; };
		0896848F25D109E1005C56F7 /* SettingViewController.swift */ = {isa = PBXFileReference; lastKnownFileType = sourcecode.swift; path = SettingViewController.swift; sourceTree = "<group>"; };
		089EAA792608B07F000AA141 /* AlertManager.swift */ = {isa = PBXFileReference; lastKnownFileType = sourcecode.swift; path = AlertManager.swift; sourceTree = "<group>"; };
		089EAAB32608B189000AA141 /* AlertStoryboard.storyboard */ = {isa = PBXFileReference; fileEncoding = 4; lastKnownFileType = file.storyboard; path = AlertStoryboard.storyboard; sourceTree = "<group>"; };
		089EAABB2608B61D000AA141 /* AlertViewController.swift */ = {isa = PBXFileReference; lastKnownFileType = sourcecode.swift; path = AlertViewController.swift; sourceTree = "<group>"; };
		08A0787125DD2BC600991E40 /* FIRStoreManager.swift */ = {isa = PBXFileReference; lastKnownFileType = sourcecode.swift; path = FIRStoreManager.swift; sourceTree = "<group>"; };
		08A0788D25DD3AE300991E40 /* FIRStoreRef.swift */ = {isa = PBXFileReference; lastKnownFileType = sourcecode.swift; path = FIRStoreRef.swift; sourceTree = "<group>"; };
		08A0789B25DD463B00991E40 /* Encodable.swift */ = {isa = PBXFileReference; lastKnownFileType = sourcecode.swift; path = Encodable.swift; sourceTree = "<group>"; };
		08A9876A25F1037100F60DB6 /* SelectPuppyViewController.swift */ = {isa = PBXFileReference; lastKnownFileType = sourcecode.swift; path = SelectPuppyViewController.swift; sourceTree = "<group>"; };
		08A9877225F1052F00F60DB6 /* SelectPuppyCollectionViewCell.swift */ = {isa = PBXFileReference; lastKnownFileType = sourcecode.swift; path = SelectPuppyCollectionViewCell.swift; sourceTree = "<group>"; };
		08B5440027EF31C60037E361 /* PuppyCalendarViewCell.swift */ = {isa = PBXFileReference; lastKnownFileType = sourcecode.swift; path = PuppyCalendarViewCell.swift; sourceTree = "<group>"; };
		08B5440427EF3E140037E361 /* NanumSquareRoundR.ttf */ = {isa = PBXFileReference; lastKnownFileType = file; path = NanumSquareRoundR.ttf; sourceTree = "<group>"; };
		08B5440627EF3E1B0037E361 /* NanumSquareRoundB.ttf */ = {isa = PBXFileReference; lastKnownFileType = file; path = NanumSquareRoundB.ttf; sourceTree = "<group>"; };
		08B5440827EF416F0037E361 /* WalkInfoView.swift */ = {isa = PBXFileReference; lastKnownFileType = sourcecode.swift; path = WalkInfoView.swift; sourceTree = "<group>"; };
		08BB9C1925C916B100B56F9F /* WalkMyDog.app */ = {isa = PBXFileReference; explicitFileType = wrapper.application; includeInIndex = 0; path = WalkMyDog.app; sourceTree = BUILT_PRODUCTS_DIR; };
		08BB9C1C25C916B100B56F9F /* AppDelegate.swift */ = {isa = PBXFileReference; lastKnownFileType = sourcecode.swift; path = AppDelegate.swift; sourceTree = "<group>"; };
		08BB9C1E25C916B100B56F9F /* SceneDelegate.swift */ = {isa = PBXFileReference; lastKnownFileType = sourcecode.swift; path = SceneDelegate.swift; sourceTree = "<group>"; };
		08BB9C2025C916B100B56F9F /* LoginViewController.swift */ = {isa = PBXFileReference; lastKnownFileType = sourcecode.swift; path = LoginViewController.swift; sourceTree = "<group>"; };
		08BB9C2325C916B100B56F9F /* Base */ = {isa = PBXFileReference; lastKnownFileType = file.storyboard; name = Base; path = Base.lproj/Main.storyboard; sourceTree = "<group>"; };
		08BB9C2525C916B200B56F9F /* Assets.xcassets */ = {isa = PBXFileReference; lastKnownFileType = folder.assetcatalog; path = Assets.xcassets; sourceTree = "<group>"; };
		08BB9C2825C916B200B56F9F /* Base */ = {isa = PBXFileReference; lastKnownFileType = file.storyboard; name = Base; path = Base.lproj/LaunchScreen.storyboard; sourceTree = "<group>"; };
		08BB9C2A25C916B200B56F9F /* Info.plist */ = {isa = PBXFileReference; lastKnownFileType = text.plist.xml; path = Info.plist; sourceTree = "<group>"; };
		08BB9C2F25C916B200B56F9F /* WalkMyDogTests.xctest */ = {isa = PBXFileReference; explicitFileType = wrapper.cfbundle; includeInIndex = 0; path = WalkMyDogTests.xctest; sourceTree = BUILT_PRODUCTS_DIR; };
		08BB9C3525C916B200B56F9F /* Info.plist */ = {isa = PBXFileReference; lastKnownFileType = text.plist.xml; path = Info.plist; sourceTree = "<group>"; };
		08BB9C3A25C916B200B56F9F /* WalkMyDogUITests.xctest */ = {isa = PBXFileReference; explicitFileType = wrapper.cfbundle; includeInIndex = 0; path = WalkMyDogUITests.xctest; sourceTree = BUILT_PRODUCTS_DIR; };
		08BB9C3E25C916B200B56F9F /* WalkMyDogUITests.swift */ = {isa = PBXFileReference; lastKnownFileType = sourcecode.swift; path = WalkMyDogUITests.swift; sourceTree = "<group>"; };
		08BB9C4025C916B200B56F9F /* Info.plist */ = {isa = PBXFileReference; lastKnownFileType = text.plist.xml; path = Info.plist; sourceTree = "<group>"; };
		08BB9C7A25C91EB400B56F9F /* WalkMyDog.entitlements */ = {isa = PBXFileReference; lastKnownFileType = text.plist.entitlements; path = WalkMyDog.entitlements; sourceTree = "<group>"; };
		08BB9C9F25C9348F00B56F9F /* TabBarViewController.swift */ = {isa = PBXFileReference; lastKnownFileType = sourcecode.swift; path = TabBarViewController.swift; sourceTree = "<group>"; };
		08D7E7DC2615AE660051DE1D /* SettingTableViewCell.swift */ = {isa = PBXFileReference; lastKnownFileType = sourcecode.swift; path = SettingTableViewCell.swift; sourceTree = "<group>"; };
		08E5C4F425DBB537000896D2 /* WeatherData.swift */ = {isa = PBXFileReference; lastKnownFileType = sourcecode.swift; path = WeatherData.swift; sourceTree = "<group>"; };
		08E5C4FD25DBB545000896D2 /* WeatherModel.swift */ = {isa = PBXFileReference; lastKnownFileType = sourcecode.swift; path = WeatherModel.swift; sourceTree = "<group>"; };
		08E5C50425DBB5A9000896D2 /* PMData.swift */ = {isa = PBXFileReference; lastKnownFileType = sourcecode.swift; path = PMData.swift; sourceTree = "<group>"; };
		08E5C50D25DBB5C0000896D2 /* PMModel.swift */ = {isa = PBXFileReference; lastKnownFileType = sourcecode.swift; path = PMModel.swift; sourceTree = "<group>"; };
		08E5C51425DBB5E6000896D2 /* FcstModel.swift */ = {isa = PBXFileReference; lastKnownFileType = sourcecode.swift; path = FcstModel.swift; sourceTree = "<group>"; };
		08E5C51E25DBB635000896D2 /* LocationManager.swift */ = {isa = PBXFileReference; lastKnownFileType = sourcecode.swift; path = LocationManager.swift; sourceTree = "<group>"; };
		08E5C54C25DBB72C000896D2 /* FcstAPIManager.swift */ = {isa = PBXFileReference; lastKnownFileType = sourcecode.swift; path = FcstAPIManager.swift; sourceTree = "<group>"; };
		08E5C55425DBB73B000896D2 /* CurrentAPIManager.swift */ = {isa = PBXFileReference; lastKnownFileType = sourcecode.swift; path = CurrentAPIManager.swift; sourceTree = "<group>"; };
		08E5C55925DBB75D000896D2 /* CurrentViewModel.swift */ = {isa = PBXFileReference; lastKnownFileType = sourcecode.swift; path = CurrentViewModel.swift; sourceTree = "<group>"; };
		08E5C56E25DBB799000896D2 /* ViewModelType.swift */ = {isa = PBXFileReference; lastKnownFileType = sourcecode.swift; path = ViewModelType.swift; sourceTree = "<group>"; };
		08E5C57425DBB7D1000896D2 /* Date.swift */ = {isa = PBXFileReference; lastKnownFileType = sourcecode.swift; path = Date.swift; sourceTree = "<group>"; };
		08E5C57C25DBB94C000896D2 /* Constants.swift */ = {isa = PBXFileReference; lastKnownFileType = sourcecode.swift; path = Constants.swift; sourceTree = "<group>"; };
		08E5C58125DBB9BF000896D2 /* FcstViewModel.swift */ = {isa = PBXFileReference; lastKnownFileType = sourcecode.swift; path = FcstViewModel.swift; sourceTree = "<group>"; };
		08E5C58625DBB9F2000896D2 /* WeatherViewController.swift */ = {isa = PBXFileReference; lastKnownFileType = sourcecode.swift; path = WeatherViewController.swift; sourceTree = "<group>"; };
		08E5C60325DBD716000896D2 /* WeatherTableViewCell.swift */ = {isa = PBXFileReference; lastKnownFileType = sourcecode.swift; path = WeatherTableViewCell.swift; sourceTree = "<group>"; };
		08E5C61125DBEA4F000896D2 /* RecordViewController.swift */ = {isa = PBXFileReference; lastKnownFileType = sourcecode.swift; path = RecordViewController.swift; sourceTree = "<group>"; };
		08E5C61625DC0D75000896D2 /* UIViewController.swift */ = {isa = PBXFileReference; lastKnownFileType = sourcecode.swift; path = UIViewController.swift; sourceTree = "<group>"; };
		08EAB1CF2616EBE700B15D72 /* SettingViewModel.swift */ = {isa = PBXFileReference; lastKnownFileType = sourcecode.swift; path = SettingViewModel.swift; sourceTree = "<group>"; };
		08ED928A2610B37300F20255 /* VoidRecord.swift */ = {isa = PBXFileReference; lastKnownFileType = sourcecode.swift; path = VoidRecord.swift; sourceTree = "<group>"; };
		08EF2AB625DE2D96005F44B5 /* Snapshot.swift */ = {isa = PBXFileReference; lastKnownFileType = sourcecode.swift; path = Snapshot.swift; sourceTree = "<group>"; };
		08EFBA2827D4D0AB00D96AB9 /* RxMKMapViewDelegateProxy.swift */ = {isa = PBXFileReference; lastKnownFileType = sourcecode.swift; path = RxMKMapViewDelegateProxy.swift; sourceTree = "<group>"; };
		08EFBA2A27D4D1A500D96AB9 /* MKMapView+Rx.swift */ = {isa = PBXFileReference; lastKnownFileType = sourcecode.swift; path = "MKMapView+Rx.swift"; sourceTree = "<group>"; };
		08F17B2727EB0FE600413C74 /* SlideView.swift */ = {isa = PBXFileReference; lastKnownFileType = sourcecode.swift; path = SlideView.swift; sourceTree = "<group>"; };
		08F6DA5B260DD7CC00EB3F0E /* EditPuppyViewModelCreateTests.swift */ = {isa = PBXFileReference; lastKnownFileType = sourcecode.swift; path = EditPuppyViewModelCreateTests.swift; sourceTree = "<group>"; };
		08F911C125F1E7FB0043438D /* CheckButton.swift */ = {isa = PBXFileReference; lastKnownFileType = sourcecode.swift; path = CheckButton.swift; sourceTree = "<group>"; };
		08F911C625F1EEF30043438D /* EditRecordViewController.swift */ = {isa = PBXFileReference; lastKnownFileType = sourcecode.swift; path = EditRecordViewController.swift; sourceTree = "<group>"; };
		26DE5F63269B9D000F48AD5B /* Pods-WalkMyDogTests.debug.xcconfig */ = {isa = PBXFileReference; includeInIndex = 1; lastKnownFileType = text.xcconfig; name = "Pods-WalkMyDogTests.debug.xcconfig"; path = "Target Support Files/Pods-WalkMyDogTests/Pods-WalkMyDogTests.debug.xcconfig"; sourceTree = "<group>"; };
		2D869BA44E1A05C60E8CDA05 /* Pods-WalkMyDog-WalkMyDogUITests.release.xcconfig */ = {isa = PBXFileReference; includeInIndex = 1; lastKnownFileType = text.xcconfig; name = "Pods-WalkMyDog-WalkMyDogUITests.release.xcconfig"; path = "Target Support Files/Pods-WalkMyDog-WalkMyDogUITests/Pods-WalkMyDog-WalkMyDogUITests.release.xcconfig"; sourceTree = "<group>"; };
		393F40DF326238D184E6818C /* Pods-WalkMyDog.release.xcconfig */ = {isa = PBXFileReference; includeInIndex = 1; lastKnownFileType = text.xcconfig; name = "Pods-WalkMyDog.release.xcconfig"; path = "Target Support Files/Pods-WalkMyDog/Pods-WalkMyDog.release.xcconfig"; sourceTree = "<group>"; };
		5D71B3F7ACB3F446E34B88B4 /* Pods_WalkMyDogTests.framework */ = {isa = PBXFileReference; explicitFileType = wrapper.framework; includeInIndex = 0; path = Pods_WalkMyDogTests.framework; sourceTree = BUILT_PRODUCTS_DIR; };
		6A1953B02806C57900E74784 /* RealmService.swift */ = {isa = PBXFileReference; lastKnownFileType = sourcecode.swift; path = RealmService.swift; sourceTree = "<group>"; };
		6A21FD5B27E86E650051EDB1 /* PuppyInfoViewCell.swift */ = {isa = PBXFileReference; lastKnownFileType = sourcecode.swift; path = PuppyInfoViewCell.swift; sourceTree = "<group>"; };
		6A21FD5D27E86F670051EDB1 /* UIColor+.swift */ = {isa = PBXFileReference; lastKnownFileType = sourcecode.swift; path = "UIColor+.swift"; sourceTree = "<group>"; };
		6A653E402807F07300F3B3D6 /* PuppyRealmService.swift */ = {isa = PBXFileReference; lastKnownFileType = sourcecode.swift; path = PuppyRealmService.swift; sourceTree = "<group>"; };
		6A653E422808020900F3B3D6 /* RecordRealmService.swift */ = {isa = PBXFileReference; lastKnownFileType = sourcecode.swift; path = RecordRealmService.swift; sourceTree = "<group>"; };
		7F3AC7967AEE9B3813178986 /* Pods-WalkMyDog-WalkMyDogUITests.debug.xcconfig */ = {isa = PBXFileReference; includeInIndex = 1; lastKnownFileType = text.xcconfig; name = "Pods-WalkMyDog-WalkMyDogUITests.debug.xcconfig"; path = "Target Support Files/Pods-WalkMyDog-WalkMyDogUITests/Pods-WalkMyDog-WalkMyDogUITests.debug.xcconfig"; sourceTree = "<group>"; };
		89E3CD43FA2F587E26EE961E /* Pods_WalkMyDog.framework */ = {isa = PBXFileReference; explicitFileType = wrapper.framework; includeInIndex = 0; path = Pods_WalkMyDog.framework; sourceTree = BUILT_PRODUCTS_DIR; };
		B2FB2480B3856C7A5CFDD554 /* Pods-WalkMyDog.debug.xcconfig */ = {isa = PBXFileReference; includeInIndex = 1; lastKnownFileType = text.xcconfig; name = "Pods-WalkMyDog.debug.xcconfig"; path = "Target Support Files/Pods-WalkMyDog/Pods-WalkMyDog.debug.xcconfig"; sourceTree = "<group>"; };
		DEE19ABA40368AC60688A164 /* Pods_WalkMyDog_WalkMyDogUITests.framework */ = {isa = PBXFileReference; explicitFileType = wrapper.framework; includeInIndex = 0; path = Pods_WalkMyDog_WalkMyDogUITests.framework; sourceTree = BUILT_PRODUCTS_DIR; };
/* End PBXFileReference section */

/* Begin PBXFrameworksBuildPhase section */
		08BB9C1625C916B100B56F9F /* Frameworks */ = {
			isa = PBXFrameworksBuildPhase;
			buildActionMask = 2147483647;
			files = (
				6DCE6B7586F629DE07D2B629 /* Pods_WalkMyDog.framework in Frameworks */,
			);
			runOnlyForDeploymentPostprocessing = 0;
		};
		08BB9C2C25C916B200B56F9F /* Frameworks */ = {
			isa = PBXFrameworksBuildPhase;
			buildActionMask = 2147483647;
			files = (
				955C34807328BE1002E4D8BC /* Pods_WalkMyDogTests.framework in Frameworks */,
			);
			runOnlyForDeploymentPostprocessing = 0;
		};
		08BB9C3725C916B200B56F9F /* Frameworks */ = {
			isa = PBXFrameworksBuildPhase;
			buildActionMask = 2147483647;
			files = (
				7DCBDD36D7C0710E9A9158BB /* Pods_WalkMyDog_WalkMyDogUITests.framework in Frameworks */,
			);
			runOnlyForDeploymentPostprocessing = 0;
		};
/* End PBXFrameworksBuildPhase section */

/* Begin PBXGroup section */
		080D021425FCFCE00092633D /* Setting */ = {
			isa = PBXGroup;
			children = (
				08EAB1CF2616EBE700B15D72 /* SettingViewModel.swift */,
				0896848F25D109E1005C56F7 /* SettingViewController.swift */,
				08264A9225E254B6002073E6 /* PuppyTableViewCell.swift */,
				08D7E7DC2615AE660051DE1D /* SettingTableViewCell.swift */,
				087554C72618B47800746F40 /* PuppyHeaderTableViewCell.swift */,
				087554C82618B47800746F40 /* PuppyHeaderTableViewCell.xib */,
				087554CE2618BC7700746F40 /* SettingHeaderTableViewCell.swift */,
				087554CF2618BC7700746F40 /* SettingHeaderTableViewCell.xib */,
			);
			path = Setting;
			sourceTree = "<group>";
		};
		08167AA625ECE4BF00C45E2D /* Firebase */ = {
			isa = PBXGroup;
			children = (
				08A0787125DD2BC600991E40 /* FIRStoreManager.swift */,
				08A0788D25DD3AE300991E40 /* FIRStoreRef.swift */,
				08167A9425ECC7A100C45E2D /* StorageManager.swift */,
			);
			path = Firebase;
			sourceTree = "<group>";
		};
		08361808260B386300E8136B /* Font */ = {
			isa = PBXGroup;
			children = (
				08248C102612F5B8007E02DF /* NanumGothic.ttf */,
				08248C152612F5BF007E02DF /* NanumGothicBold.ttf */,
				08B5440427EF3E140037E361 /* NanumSquareRoundR.ttf */,
				08B5440627EF3E1B0037E361 /* NanumSquareRoundB.ttf */,
			);
			path = Font;
			sourceTree = "<group>";
		};
		0873F26B27DE191400F27D3C /* Helper */ = {
			isa = PBXGroup;
			children = (
				08E5C57325DBB7C3000896D2 /* Extensions */,
				0873F26C27DE191D00F27D3C /* ImagePicker.swift */,
				0812067C27E8C373009E4E57 /* CustomPageControl.swift */,
			);
			path = Helper;
			sourceTree = "<group>";
		};
		0893C33027D0F59A0061632D /* Walk */ = {
			isa = PBXGroup;
			children = (
				0871E1BF27F9D676006644E0 /* WalkReadyViewController.swift */,
				0871E1C127F9DAEC006644E0 /* WalkReadyViewModel.swift */,
				081E4AE727CCC5EB00ADF7DE /* WalkViewController.swift */,
				081E4AE927CCE52000ADF7DE /* WalkViewModel.swift */,
				08EFBA2827D4D0AB00D96AB9 /* RxMKMapViewDelegateProxy.swift */,
				08EFBA2A27D4D1A500D96AB9 /* MKMapView+Rx.swift */,
			);
			path = Walk;
			sourceTree = "<group>";
		};
		0896849425D10AEB005C56F7 /* Models */ = {
			isa = PBXGroup;
			children = (
				0871388D25CD62D00089EA42 /* PuppyModel.swift */,
				08E5C51425DBB5E6000896D2 /* FcstModel.swift */,
				08E5C50325DBB58E000896D2 /* Weather */,
				08E5C51325DBB5D0000896D2 /* ParticlesMatter */,
			);
			path = Models;
			sourceTree = "<group>";
		};
		08BB9C1025C916B100B56F9F = {
			isa = PBXGroup;
			children = (
				08BB9C1B25C916B100B56F9F /* WalkMyDog */,
				08BB9C3225C916B200B56F9F /* WalkMyDogTests */,
				08BB9C3D25C916B200B56F9F /* WalkMyDogUITests */,
				08BB9C1A25C916B100B56F9F /* Products */,
				F6F5CD6FFBA1E32070E7AD8E /* Pods */,
				78F7F2E6DA38814BB4286B6D /* Frameworks */,
			);
			sourceTree = "<group>";
		};
		08BB9C1A25C916B100B56F9F /* Products */ = {
			isa = PBXGroup;
			children = (
				08BB9C1925C916B100B56F9F /* WalkMyDog.app */,
				08BB9C2F25C916B200B56F9F /* WalkMyDogTests.xctest */,
				08BB9C3A25C916B200B56F9F /* WalkMyDogUITests.xctest */,
			);
			name = Products;
			sourceTree = "<group>";
		};
		08BB9C1B25C916B100B56F9F /* WalkMyDog */ = {
			isa = PBXGroup;
			children = (
				08E5C4EC25DBB34C000896D2 /* App */,
				08BB9C2A25C916B200B56F9F /* Info.plist */,
				08BB9C7A25C91EB400B56F9F /* WalkMyDog.entitlements */,
				0873F26B27DE191400F27D3C /* Helper */,
				08E5C55E25DBB76E000896D2 /* Protocols */,
				08E5C51D25DBB621000896D2 /* Managers */,
				08E5C60025DBC21E000896D2 /* Scenes */,
				08F911C025F1E7DF0043438D /* CustomView */,
				0896849425D10AEB005C56F7 /* Models */,
				08E5C57C25DBB94C000896D2 /* Constants.swift */,
				6A1953AF2806C56900E74784 /* Services */,
			);
			path = WalkMyDog;
			sourceTree = "<group>";
		};
		08BB9C3225C916B200B56F9F /* WalkMyDogTests */ = {
			isa = PBXGroup;
			children = (
				08BB9C3525C916B200B56F9F /* Info.plist */,
				08585CCB260DA1280059EB97 /* FetchAllPuppyViewModelTests.swift */,
				0850CC0F260DBD20000F945D /* FetchPuppyViewModelTests.swift */,
				08F6DA5B260DD7CC00EB3F0E /* EditPuppyViewModelCreateTests.swift */,
				08ED928A2610B37300F20255 /* VoidRecord.swift */,
				088AFE8C2611F6F200579278 /* EditPuppyViewModelUpdateTests.swift */,
			);
			path = WalkMyDogTests;
			sourceTree = "<group>";
		};
		08BB9C3D25C916B200B56F9F /* WalkMyDogUITests */ = {
			isa = PBXGroup;
			children = (
				08BB9C3E25C916B200B56F9F /* WalkMyDogUITests.swift */,
				08BB9C4025C916B200B56F9F /* Info.plist */,
			);
			path = WalkMyDogUITests;
			sourceTree = "<group>";
		};
		08BB9D2825C9647F00B56F9F /* Weather */ = {
			isa = PBXGroup;
			children = (
				08E5C58125DBB9BF000896D2 /* FcstViewModel.swift */,
				08E5C58625DBB9F2000896D2 /* WeatherViewController.swift */,
				08E5C60325DBD716000896D2 /* WeatherTableViewCell.swift */,
			);
			path = Weather;
			sourceTree = "<group>";
		};
		08BB9D2C25C9649400B56F9F /* Main */ = {
			isa = PBXGroup;
			children = (
				08264A8425E2424E002073E6 /* MainViewModel.swift */,
				08E5C55925DBB75D000896D2 /* CurrentViewModel.swift */,
				0871388825CD0F560089EA42 /* MainViewController.swift */,
				6A21FD5B27E86E650051EDB1 /* PuppyInfoViewCell.swift */,
				08B5440027EF31C60037E361 /* PuppyCalendarViewCell.swift */,
				08B5440827EF416F0037E361 /* WalkInfoView.swift */,
				0893704525E8BD0300C83D35 /* PuppyProfileTableViewCell.swift */,
			);
			path = Main;
			sourceTree = "<group>";
		};
		08E5C4EC25DBB34C000896D2 /* App */ = {
			isa = PBXGroup;
			children = (
				08BB9C1C25C916B100B56F9F /* AppDelegate.swift */,
				08BB9C1E25C916B100B56F9F /* SceneDelegate.swift */,
				08E5C4F325DBB425000896D2 /* Asset */,
			);
			path = App;
			sourceTree = "<group>";
		};
		08E5C4F325DBB425000896D2 /* Asset */ = {
			isa = PBXGroup;
			children = (
				08361808260B386300E8136B /* Font */,
				089EAAB32608B189000AA141 /* AlertStoryboard.storyboard */,
				08BB9C2225C916B100B56F9F /* Main.storyboard */,
				08BB9C2725C916B200B56F9F /* LaunchScreen.storyboard */,
				08BB9C2525C916B200B56F9F /* Assets.xcassets */,
			);
			path = Asset;
			sourceTree = "<group>";
		};
		08E5C50325DBB58E000896D2 /* Weather */ = {
			isa = PBXGroup;
			children = (
				08E5C4F425DBB537000896D2 /* WeatherData.swift */,
				08E5C4FD25DBB545000896D2 /* WeatherModel.swift */,
			);
			path = Weather;
			sourceTree = "<group>";
		};
		08E5C51325DBB5D0000896D2 /* ParticlesMatter */ = {
			isa = PBXGroup;
			children = (
				08E5C50425DBB5A9000896D2 /* PMData.swift */,
				08E5C50D25DBB5C0000896D2 /* PMModel.swift */,
			);
			path = ParticlesMatter;
			sourceTree = "<group>";
		};
		08E5C51D25DBB621000896D2 /* Managers */ = {
			isa = PBXGroup;
			children = (
				08E5C51E25DBB635000896D2 /* LocationManager.swift */,
				089EAA792608B07F000AA141 /* AlertManager.swift */,
				08167AA625ECE4BF00C45E2D /* Firebase */,
				08E5C54B25DBB70D000896D2 /* Networking */,
			);
			path = Managers;
			sourceTree = "<group>";
		};
		08E5C54B25DBB70D000896D2 /* Networking */ = {
			isa = PBXGroup;
			children = (
				08E5C54C25DBB72C000896D2 /* FcstAPIManager.swift */,
				08E5C55425DBB73B000896D2 /* CurrentAPIManager.swift */,
			);
			path = Networking;
			sourceTree = "<group>";
		};
		08E5C55E25DBB76E000896D2 /* Protocols */ = {
			isa = PBXGroup;
			children = (
				08E5C56E25DBB799000896D2 /* ViewModelType.swift */,
				082866852604E6860084F2FF /* SelectSpeciesDelegate.swift */,
			);
			path = Protocols;
			sourceTree = "<group>";
		};
		08E5C57325DBB7C3000896D2 /* Extensions */ = {
			isa = PBXGroup;
			children = (
				08E5C57425DBB7D1000896D2 /* Date.swift */,
				08E5C61625DC0D75000896D2 /* UIViewController.swift */,
				08A0789B25DD463B00991E40 /* Encodable.swift */,
				08EF2AB625DE2D96005F44B5 /* Snapshot.swift */,
				085DFC5E25F76501002F7819 /* String.swift */,
				085DFC6525F7889E002F7819 /* UIImage.swift */,
				080D020F25FCDAAC0092633D /* UIImageVIew.swift */,
				087396E926131E5900622DAC /* UIView.swift */,
				0890C8E527D4E9AC00A4F04B /* UIButton+.swift */,
				0873F26427DE08B600F27D3C /* CLLocationCoordinate2D+.swift */,
				0873F26927DE13A800F27D3C /* MKMapView+.swift */,
				0873F26E27DE1AA500F27D3C /* UIViewController+.swift */,
				6A21FD5D27E86F670051EDB1 /* UIColor+.swift */,
			);
			path = Extensions;
			sourceTree = "<group>";
		};
		08E5C60025DBC21E000896D2 /* Scenes */ = {
			isa = PBXGroup;
			children = (
				08BB9C9F25C9348F00B56F9F /* TabBarViewController.swift */,
				089EAABB2608B61D000AA141 /* AlertViewController.swift */,
				0893C33027D0F59A0061632D /* Walk */,
				080D021425FCFCE00092633D /* Setting */,
				08F6C15125E6418E004DD3F6 /* Puppy */,
				08E5C60225DBC26F000896D2 /* Login */,
				08BB9D2C25C9649400B56F9F /* Main */,
				08E5C60125DBC259000896D2 /* Record */,
				08BB9D2825C9647F00B56F9F /* Weather */,
			);
			path = Scenes;
			sourceTree = "<group>";
		};
		08E5C60125DBC259000896D2 /* Record */ = {
			isa = PBXGroup;
			children = (
				08A9876A25F1037100F60DB6 /* SelectPuppyViewController.swift */,
				0833CD8D27CE49C100767442 /* SelectPuppyViewModel.swift */,
				08A9877225F1052F00F60DB6 /* SelectPuppyCollectionViewCell.swift */,
				081536F025EF4C7C000D13D3 /* EditRecordViewModel.swift */,
				08F911C625F1EEF30043438D /* EditRecordViewController.swift */,
				08167AC725EE58C100C45E2D /* RecordViewModel.swift */,
				08E5C61125DBEA4F000896D2 /* RecordViewController.swift */,
				08167AC225EE562800C45E2D /* RecordTableViewCell.swift */,
				0866582E261AE79F00A9B5E6 /* RecordHeaderTableViewCell.swift */,
				0866582F261AE79F00A9B5E6 /* RecordHeaderTableViewCell.xib */,
			);
			path = Record;
			sourceTree = "<group>";
		};
		08E5C60225DBC26F000896D2 /* Login */ = {
			isa = PBXGroup;
			children = (
				08BB9C2025C916B100B56F9F /* LoginViewController.swift */,
			);
			path = Login;
			sourceTree = "<group>";
		};
		08F6C15125E6418E004DD3F6 /* Puppy */ = {
			isa = PBXGroup;
			children = (
				084CEC9E25E3DAD000EFA0DE /* FetchPuppyViewModel.swift */,
				08465C1525E4FD3300371D20 /* EditPuppyViewModel.swift */,
				084CEC7A25E3C73700EFA0DE /* EditPuppyViewController.swift */,
				0823AEC4261EEAD100670CA1 /* SearchSpeciesViewModel.swift */,
				08286677260485160084F2FF /* SearchSpeciesViewController.swift */,
			);
			path = Puppy;
			sourceTree = "<group>";
		};
		08F911C025F1E7DF0043438D /* CustomView */ = {
			isa = PBXGroup;
			children = (
				084CEC7F25E3C92E00EFA0DE /* RadioButton.swift */,
				08F911C125F1E7FB0043438D /* CheckButton.swift */,
				082866802604D3060084F2FF /* CustomTextField.swift */,
				08F17B2727EB0FE600413C74 /* SlideView.swift */,
			);
			path = CustomView;
			sourceTree = "<group>";
		};
		6A1953AF2806C56900E74784 /* Services */ = {
			isa = PBXGroup;
			children = (
				0873F26627DE093300F27D3C /* TimerService.swift */,
				6A1953B02806C57900E74784 /* RealmService.swift */,
				6A653E422808020900F3B3D6 /* RecordRealmService.swift */,
				6A653E402807F07300F3B3D6 /* PuppyRealmService.swift */,
			);
			path = Services;
			sourceTree = "<group>";
		};
		78F7F2E6DA38814BB4286B6D /* Frameworks */ = {
			isa = PBXGroup;
			children = (
				89E3CD43FA2F587E26EE961E /* Pods_WalkMyDog.framework */,
				DEE19ABA40368AC60688A164 /* Pods_WalkMyDog_WalkMyDogUITests.framework */,
				5D71B3F7ACB3F446E34B88B4 /* Pods_WalkMyDogTests.framework */,
			);
			name = Frameworks;
			sourceTree = "<group>";
		};
		F6F5CD6FFBA1E32070E7AD8E /* Pods */ = {
			isa = PBXGroup;
			children = (
				B2FB2480B3856C7A5CFDD554 /* Pods-WalkMyDog.debug.xcconfig */,
				393F40DF326238D184E6818C /* Pods-WalkMyDog.release.xcconfig */,
				7F3AC7967AEE9B3813178986 /* Pods-WalkMyDog-WalkMyDogUITests.debug.xcconfig */,
				2D869BA44E1A05C60E8CDA05 /* Pods-WalkMyDog-WalkMyDogUITests.release.xcconfig */,
				26DE5F63269B9D000F48AD5B /* Pods-WalkMyDogTests.debug.xcconfig */,
				0293F19AFD3FFF3DC2C50323 /* Pods-WalkMyDogTests.release.xcconfig */,
			);
			path = Pods;
			sourceTree = "<group>";
		};
/* End PBXGroup section */

/* Begin PBXNativeTarget section */
		08BB9C1825C916B100B56F9F /* WalkMyDog */ = {
			isa = PBXNativeTarget;
			buildConfigurationList = 08BB9C4325C916B200B56F9F /* Build configuration list for PBXNativeTarget "WalkMyDog" */;
			buildPhases = (
				95C20C10C7CE4DEF3DC2E0A1 /* [CP] Check Pods Manifest.lock */,
				08BB9C1525C916B100B56F9F /* Sources */,
				08BB9C1625C916B100B56F9F /* Frameworks */,
				08BB9C1725C916B100B56F9F /* Resources */,
				CBDDA10D181CA40B33D38F2A /* [CP] Embed Pods Frameworks */,
			);
			buildRules = (
			);
			dependencies = (
			);
			name = WalkMyDog;
			productName = WalkMyDog;
			productReference = 08BB9C1925C916B100B56F9F /* WalkMyDog.app */;
			productType = "com.apple.product-type.application";
		};
		08BB9C2E25C916B200B56F9F /* WalkMyDogTests */ = {
			isa = PBXNativeTarget;
			buildConfigurationList = 08BB9C4625C916B200B56F9F /* Build configuration list for PBXNativeTarget "WalkMyDogTests" */;
			buildPhases = (
				0659485A3E2112D506319CED /* [CP] Check Pods Manifest.lock */,
				08BB9C2B25C916B200B56F9F /* Sources */,
				08BB9C2C25C916B200B56F9F /* Frameworks */,
				08BB9C2D25C916B200B56F9F /* Resources */,
				F119FAF7A89A38A6CAC5A4E4 /* [CP] Embed Pods Frameworks */,
			);
			buildRules = (
			);
			dependencies = (
				08BB9C3125C916B200B56F9F /* PBXTargetDependency */,
			);
			name = WalkMyDogTests;
			productName = WalkMyDogTests;
			productReference = 08BB9C2F25C916B200B56F9F /* WalkMyDogTests.xctest */;
			productType = "com.apple.product-type.bundle.unit-test";
		};
		08BB9C3925C916B200B56F9F /* WalkMyDogUITests */ = {
			isa = PBXNativeTarget;
			buildConfigurationList = 08BB9C4925C916B200B56F9F /* Build configuration list for PBXNativeTarget "WalkMyDogUITests" */;
			buildPhases = (
				DDE3BBA4A6E2019A27245BA1 /* [CP] Check Pods Manifest.lock */,
				08BB9C3625C916B200B56F9F /* Sources */,
				08BB9C3725C916B200B56F9F /* Frameworks */,
				08BB9C3825C916B200B56F9F /* Resources */,
				94F73ED625FB64908D834012 /* [CP] Embed Pods Frameworks */,
			);
			buildRules = (
			);
			dependencies = (
				08BB9C3C25C916B200B56F9F /* PBXTargetDependency */,
			);
			name = WalkMyDogUITests;
			productName = WalkMyDogUITests;
			productReference = 08BB9C3A25C916B200B56F9F /* WalkMyDogUITests.xctest */;
			productType = "com.apple.product-type.bundle.ui-testing";
		};
/* End PBXNativeTarget section */

/* Begin PBXProject section */
		08BB9C1125C916B100B56F9F /* Project object */ = {
			isa = PBXProject;
			attributes = {
				LastSwiftUpdateCheck = 1240;
				LastUpgradeCheck = 1240;
				TargetAttributes = {
					08BB9C1825C916B100B56F9F = {
						CreatedOnToolsVersion = 12.4;
					};
					08BB9C2E25C916B200B56F9F = {
						CreatedOnToolsVersion = 12.4;
						TestTargetID = 08BB9C1825C916B100B56F9F;
					};
					08BB9C3925C916B200B56F9F = {
						CreatedOnToolsVersion = 12.4;
						TestTargetID = 08BB9C1825C916B100B56F9F;
					};
				};
			};
			buildConfigurationList = 08BB9C1425C916B100B56F9F /* Build configuration list for PBXProject "WalkMyDog" */;
			compatibilityVersion = "Xcode 9.3";
			developmentRegion = en;
			hasScannedForEncodings = 0;
			knownRegions = (
				en,
				Base,
			);
			mainGroup = 08BB9C1025C916B100B56F9F;
			productRefGroup = 08BB9C1A25C916B100B56F9F /* Products */;
			projectDirPath = "";
			projectRoot = "";
			targets = (
				08BB9C1825C916B100B56F9F /* WalkMyDog */,
				08BB9C2E25C916B200B56F9F /* WalkMyDogTests */,
				08BB9C3925C916B200B56F9F /* WalkMyDogUITests */,
			);
		};
/* End PBXProject section */

/* Begin PBXResourcesBuildPhase section */
		08BB9C1725C916B100B56F9F /* Resources */ = {
			isa = PBXResourcesBuildPhase;
			buildActionMask = 2147483647;
			files = (
				08248C112612F5B8007E02DF /* NanumGothic.ttf in Resources */,
				08BB9C2925C916B200B56F9F /* LaunchScreen.storyboard in Resources */,
				089EAAB42608B18A000AA141 /* AlertStoryboard.storyboard in Resources */,
				08248C162612F5BF007E02DF /* NanumGothicBold.ttf in Resources */,
				08B5440527EF3E140037E361 /* NanumSquareRoundR.ttf in Resources */,
				08BB9C2625C916B200B56F9F /* Assets.xcassets in Resources */,
				08665831261AE79F00A9B5E6 /* RecordHeaderTableViewCell.xib in Resources */,
				08BB9C2425C916B100B56F9F /* Main.storyboard in Resources */,
				087554CA2618B47800746F40 /* PuppyHeaderTableViewCell.xib in Resources */,
				087554D12618BC7700746F40 /* SettingHeaderTableViewCell.xib in Resources */,
				08B5440727EF3E1B0037E361 /* NanumSquareRoundB.ttf in Resources */,
			);
			runOnlyForDeploymentPostprocessing = 0;
		};
		08BB9C2D25C916B200B56F9F /* Resources */ = {
			isa = PBXResourcesBuildPhase;
			buildActionMask = 2147483647;
			files = (
			);
			runOnlyForDeploymentPostprocessing = 0;
		};
		08BB9C3825C916B200B56F9F /* Resources */ = {
			isa = PBXResourcesBuildPhase;
			buildActionMask = 2147483647;
			files = (
			);
			runOnlyForDeploymentPostprocessing = 0;
		};
/* End PBXResourcesBuildPhase section */

/* Begin PBXShellScriptBuildPhase section */
		0659485A3E2112D506319CED /* [CP] Check Pods Manifest.lock */ = {
			isa = PBXShellScriptBuildPhase;
			buildActionMask = 2147483647;
			files = (
			);
			inputFileListPaths = (
			);
			inputPaths = (
				"${PODS_PODFILE_DIR_PATH}/Podfile.lock",
				"${PODS_ROOT}/Manifest.lock",
			);
			name = "[CP] Check Pods Manifest.lock";
			outputFileListPaths = (
			);
			outputPaths = (
				"$(DERIVED_FILE_DIR)/Pods-WalkMyDogTests-checkManifestLockResult.txt",
			);
			runOnlyForDeploymentPostprocessing = 0;
			shellPath = /bin/sh;
			shellScript = "diff \"${PODS_PODFILE_DIR_PATH}/Podfile.lock\" \"${PODS_ROOT}/Manifest.lock\" > /dev/null\nif [ $? != 0 ] ; then\n    # print error to STDERR\n    echo \"error: The sandbox is not in sync with the Podfile.lock. Run 'pod install' or update your CocoaPods installation.\" >&2\n    exit 1\nfi\n# This output is used by Xcode 'outputs' to avoid re-running this script phase.\necho \"SUCCESS\" > \"${SCRIPT_OUTPUT_FILE_0}\"\n";
			showEnvVarsInLog = 0;
		};
		94F73ED625FB64908D834012 /* [CP] Embed Pods Frameworks */ = {
			isa = PBXShellScriptBuildPhase;
			buildActionMask = 2147483647;
			files = (
			);
			inputFileListPaths = (
				"${PODS_ROOT}/Target Support Files/Pods-WalkMyDog-WalkMyDogUITests/Pods-WalkMyDog-WalkMyDogUITests-frameworks-${CONFIGURATION}-input-files.xcfilelist",
			);
			name = "[CP] Embed Pods Frameworks";
			outputFileListPaths = (
				"${PODS_ROOT}/Target Support Files/Pods-WalkMyDog-WalkMyDogUITests/Pods-WalkMyDog-WalkMyDogUITests-frameworks-${CONFIGURATION}-output-files.xcfilelist",
			);
			runOnlyForDeploymentPostprocessing = 0;
			shellPath = /bin/sh;
			shellScript = "\"${PODS_ROOT}/Target Support Files/Pods-WalkMyDog-WalkMyDogUITests/Pods-WalkMyDog-WalkMyDogUITests-frameworks.sh\"\n";
			showEnvVarsInLog = 0;
		};
		95C20C10C7CE4DEF3DC2E0A1 /* [CP] Check Pods Manifest.lock */ = {
			isa = PBXShellScriptBuildPhase;
			buildActionMask = 2147483647;
			files = (
			);
			inputFileListPaths = (
			);
			inputPaths = (
				"${PODS_PODFILE_DIR_PATH}/Podfile.lock",
				"${PODS_ROOT}/Manifest.lock",
			);
			name = "[CP] Check Pods Manifest.lock";
			outputFileListPaths = (
			);
			outputPaths = (
				"$(DERIVED_FILE_DIR)/Pods-WalkMyDog-checkManifestLockResult.txt",
			);
			runOnlyForDeploymentPostprocessing = 0;
			shellPath = /bin/sh;
			shellScript = "diff \"${PODS_PODFILE_DIR_PATH}/Podfile.lock\" \"${PODS_ROOT}/Manifest.lock\" > /dev/null\nif [ $? != 0 ] ; then\n    # print error to STDERR\n    echo \"error: The sandbox is not in sync with the Podfile.lock. Run 'pod install' or update your CocoaPods installation.\" >&2\n    exit 1\nfi\n# This output is used by Xcode 'outputs' to avoid re-running this script phase.\necho \"SUCCESS\" > \"${SCRIPT_OUTPUT_FILE_0}\"\n";
			showEnvVarsInLog = 0;
		};
		CBDDA10D181CA40B33D38F2A /* [CP] Embed Pods Frameworks */ = {
			isa = PBXShellScriptBuildPhase;
			buildActionMask = 2147483647;
			files = (
			);
			inputFileListPaths = (
				"${PODS_ROOT}/Target Support Files/Pods-WalkMyDog/Pods-WalkMyDog-frameworks-${CONFIGURATION}-input-files.xcfilelist",
			);
			name = "[CP] Embed Pods Frameworks";
			outputFileListPaths = (
				"${PODS_ROOT}/Target Support Files/Pods-WalkMyDog/Pods-WalkMyDog-frameworks-${CONFIGURATION}-output-files.xcfilelist",
			);
			runOnlyForDeploymentPostprocessing = 0;
			shellPath = /bin/sh;
			shellScript = "\"${PODS_ROOT}/Target Support Files/Pods-WalkMyDog/Pods-WalkMyDog-frameworks.sh\"\n";
			showEnvVarsInLog = 0;
		};
		DDE3BBA4A6E2019A27245BA1 /* [CP] Check Pods Manifest.lock */ = {
			isa = PBXShellScriptBuildPhase;
			buildActionMask = 2147483647;
			files = (
			);
			inputFileListPaths = (
			);
			inputPaths = (
				"${PODS_PODFILE_DIR_PATH}/Podfile.lock",
				"${PODS_ROOT}/Manifest.lock",
			);
			name = "[CP] Check Pods Manifest.lock";
			outputFileListPaths = (
			);
			outputPaths = (
				"$(DERIVED_FILE_DIR)/Pods-WalkMyDog-WalkMyDogUITests-checkManifestLockResult.txt",
			);
			runOnlyForDeploymentPostprocessing = 0;
			shellPath = /bin/sh;
			shellScript = "diff \"${PODS_PODFILE_DIR_PATH}/Podfile.lock\" \"${PODS_ROOT}/Manifest.lock\" > /dev/null\nif [ $? != 0 ] ; then\n    # print error to STDERR\n    echo \"error: The sandbox is not in sync with the Podfile.lock. Run 'pod install' or update your CocoaPods installation.\" >&2\n    exit 1\nfi\n# This output is used by Xcode 'outputs' to avoid re-running this script phase.\necho \"SUCCESS\" > \"${SCRIPT_OUTPUT_FILE_0}\"\n";
			showEnvVarsInLog = 0;
		};
		F119FAF7A89A38A6CAC5A4E4 /* [CP] Embed Pods Frameworks */ = {
			isa = PBXShellScriptBuildPhase;
			buildActionMask = 2147483647;
			files = (
			);
			inputFileListPaths = (
				"${PODS_ROOT}/Target Support Files/Pods-WalkMyDogTests/Pods-WalkMyDogTests-frameworks-${CONFIGURATION}-input-files.xcfilelist",
			);
			name = "[CP] Embed Pods Frameworks";
			outputFileListPaths = (
				"${PODS_ROOT}/Target Support Files/Pods-WalkMyDogTests/Pods-WalkMyDogTests-frameworks-${CONFIGURATION}-output-files.xcfilelist",
			);
			runOnlyForDeploymentPostprocessing = 0;
			shellPath = /bin/sh;
			shellScript = "\"${PODS_ROOT}/Target Support Files/Pods-WalkMyDogTests/Pods-WalkMyDogTests-frameworks.sh\"\n";
			showEnvVarsInLog = 0;
		};
/* End PBXShellScriptBuildPhase section */

/* Begin PBXSourcesBuildPhase section */
		08BB9C1525C916B100B56F9F /* Sources */ = {
			isa = PBXSourcesBuildPhase;
			buildActionMask = 2147483647;
			files = (
				0873F26527DE08B600F27D3C /* CLLocationCoordinate2D+.swift in Sources */,
				08E5C55A25DBB75D000896D2 /* CurrentViewModel.swift in Sources */,
				085DFC5F25F76501002F7819 /* String.swift in Sources */,
				08E5C57D25DBB94C000896D2 /* Constants.swift in Sources */,
				085DFC6625F7889E002F7819 /* UIImage.swift in Sources */,
				08A0789C25DD463B00991E40 /* Encodable.swift in Sources */,
				08E5C60425DBD716000896D2 /* WeatherTableViewCell.swift in Sources */,
				08B5440927EF416F0037E361 /* WalkInfoView.swift in Sources */,
				0871388925CD0F560089EA42 /* MainViewController.swift in Sources */,
				089EAABC2608B61D000AA141 /* AlertViewController.swift in Sources */,
				08E5C50E25DBB5C0000896D2 /* PMModel.swift in Sources */,
				087554D02618BC7700746F40 /* SettingHeaderTableViewCell.swift in Sources */,
				084CEC7B25E3C73700EFA0DE /* EditPuppyViewController.swift in Sources */,
				0871E1C027F9D676006644E0 /* WalkReadyViewController.swift in Sources */,
				08D7E7DD2615AE660051DE1D /* SettingTableViewCell.swift in Sources */,
				0823AEC5261EEAD100670CA1 /* SearchSpeciesViewModel.swift in Sources */,
				08465C1625E4FD3300371D20 /* EditPuppyViewModel.swift in Sources */,
				081E4AE827CCC5EB00ADF7DE /* WalkViewController.swift in Sources */,
				08E5C58725DBB9F2000896D2 /* WeatherViewController.swift in Sources */,
				08BB9CA025C9348F00B56F9F /* TabBarViewController.swift in Sources */,
				081E4AEA27CCE52000ADF7DE /* WalkViewModel.swift in Sources */,
				08E5C51525DBB5E6000896D2 /* FcstModel.swift in Sources */,
				0890C8E627D4E9AC00A4F04B /* UIButton+.swift in Sources */,
				08167AC825EE58C100C45E2D /* RecordViewModel.swift in Sources */,
				0873F26F27DE1AA500F27D3C /* UIViewController+.swift in Sources */,
				0833CD8E27CE49C100767442 /* SelectPuppyViewModel.swift in Sources */,
				0871388E25CD62D00089EA42 /* PuppyModel.swift in Sources */,
				08A9877325F1052F00F60DB6 /* SelectPuppyCollectionViewCell.swift in Sources */,
				08EFBA2B27D4D1A500D96AB9 /* MKMapView+Rx.swift in Sources */,
				08E5C57525DBB7D1000896D2 /* Date.swift in Sources */,
				081536F125EF4C7C000D13D3 /* EditRecordViewModel.swift in Sources */,
				087554C92618B47800746F40 /* PuppyHeaderTableViewCell.swift in Sources */,
				08F911C225F1E7FB0043438D /* CheckButton.swift in Sources */,
				08E5C54D25DBB72C000896D2 /* FcstAPIManager.swift in Sources */,
				08E5C4FE25DBB545000896D2 /* WeatherModel.swift in Sources */,
				08EAB1D02616EBE700B15D72 /* SettingViewModel.swift in Sources */,
				08665830261AE79F00A9B5E6 /* RecordHeaderTableViewCell.swift in Sources */,
				6A653E432808020900F3B3D6 /* RecordRealmService.swift in Sources */,
				08264A9325E254B6002073E6 /* PuppyTableViewCell.swift in Sources */,
				0893704625E8BD0300C83D35 /* PuppyProfileTableViewCell.swift in Sources */,
				08167AC325EE562800C45E2D /* RecordTableViewCell.swift in Sources */,
				08E5C61725DC0D75000896D2 /* UIViewController.swift in Sources */,
				087396EA26131E5900622DAC /* UIView.swift in Sources */,
				08F911C725F1EEF30043438D /* EditRecordViewController.swift in Sources */,
				082866812604D3060084F2FF /* CustomTextField.swift in Sources */,
				08BB9C1D25C916B100B56F9F /* AppDelegate.swift in Sources */,
				0825A1AC266F831800BB8A64 /* RecordViewController.swift in Sources */,
				6A1953B12806C57900E74784 /* RealmService.swift in Sources */,
				0873F26727DE093300F27D3C /* TimerService.swift in Sources */,
				0873F26A27DE13A800F27D3C /* MKMapView+.swift in Sources */,
				0873F26D27DE191D00F27D3C /* ImagePicker.swift in Sources */,
				08E5C58225DBB9BF000896D2 /* FcstViewModel.swift in Sources */,
				08E5C56F25DBB799000896D2 /* ViewModelType.swift in Sources */,
				0871E1C227F9DAEC006644E0 /* WalkReadyViewModel.swift in Sources */,
				0896849025D109E1005C56F7 /* SettingViewController.swift in Sources */,
				084CEC8025E3C92E00EFA0DE /* RadioButton.swift in Sources */,
				084CEC9F25E3DAD000EFA0DE /* FetchPuppyViewModel.swift in Sources */,
				080D021025FCDAAC0092633D /* UIImageVIew.swift in Sources */,
				08E5C4F525DBB537000896D2 /* WeatherData.swift in Sources */,
				6A653E412807F07300F3B3D6 /* PuppyRealmService.swift in Sources */,
				08A9876B25F1037100F60DB6 /* SelectPuppyViewController.swift in Sources */,
				089EAA7A2608B07F000AA141 /* AlertManager.swift in Sources */,
				08264A8525E2424E002073E6 /* MainViewModel.swift in Sources */,
				08F17B2827EB0FE600413C74 /* SlideView.swift in Sources */,
				08286678260485160084F2FF /* SearchSpeciesViewController.swift in Sources */,
				6A21FD5E27E86F670051EDB1 /* UIColor+.swift in Sources */,
				082866862604E6860084F2FF /* SelectSpeciesDelegate.swift in Sources */,
				08E5C50525DBB5A9000896D2 /* PMData.swift in Sources */,
				08EFBA2927D4D0AB00D96AB9 /* RxMKMapViewDelegateProxy.swift in Sources */,
				08E5C55525DBB73B000896D2 /* CurrentAPIManager.swift in Sources */,
				6A21FD5C27E86E650051EDB1 /* PuppyInfoViewCell.swift in Sources */,
				08BB9C1F25C916B100B56F9F /* SceneDelegate.swift in Sources */,
				08B5440127EF31C60037E361 /* PuppyCalendarViewCell.swift in Sources */,
				08E5C51F25DBB635000896D2 /* LocationManager.swift in Sources */,
				0812067D27E8C373009E4E57 /* CustomPageControl.swift in Sources */,
			);
			runOnlyForDeploymentPostprocessing = 0;
		};
		08BB9C2B25C916B200B56F9F /* Sources */ = {
			isa = PBXSourcesBuildPhase;
			buildActionMask = 2147483647;
			files = (
				088AFE8D2611F6F200579278 /* EditPuppyViewModelUpdateTests.swift in Sources */,
				08ED928B2610B37300F20255 /* VoidRecord.swift in Sources */,
				0850CC10260DBD20000F945D /* FetchPuppyViewModelTests.swift in Sources */,
				08E5C50F25DBB5C0000896D2 /* PMModel.swift in Sources */,
				08E5C4F625DBB537000896D2 /* WeatherData.swift in Sources */,
				08E5C4FF25DBB545000896D2 /* WeatherModel.swift in Sources */,
				08F6DA5C260DD7CC00EB3F0E /* EditPuppyViewModelCreateTests.swift in Sources */,
				08E5C51625DBB5E6000896D2 /* FcstModel.swift in Sources */,
				08585CCC260DA1280059EB97 /* FetchAllPuppyViewModelTests.swift in Sources */,
				08E5C50625DBB5A9000896D2 /* PMData.swift in Sources */,
			);
			runOnlyForDeploymentPostprocessing = 0;
		};
		08BB9C3625C916B200B56F9F /* Sources */ = {
			isa = PBXSourcesBuildPhase;
			buildActionMask = 2147483647;
			files = (
				08BB9C3F25C916B200B56F9F /* WalkMyDogUITests.swift in Sources */,
			);
			runOnlyForDeploymentPostprocessing = 0;
		};
/* End PBXSourcesBuildPhase section */

/* Begin PBXTargetDependency section */
		08BB9C3125C916B200B56F9F /* PBXTargetDependency */ = {
			isa = PBXTargetDependency;
			target = 08BB9C1825C916B100B56F9F /* WalkMyDog */;
			targetProxy = 08BB9C3025C916B200B56F9F /* PBXContainerItemProxy */;
		};
		08BB9C3C25C916B200B56F9F /* PBXTargetDependency */ = {
			isa = PBXTargetDependency;
			target = 08BB9C1825C916B100B56F9F /* WalkMyDog */;
			targetProxy = 08BB9C3B25C916B200B56F9F /* PBXContainerItemProxy */;
		};
/* End PBXTargetDependency section */

/* Begin PBXVariantGroup section */
		08BB9C2225C916B100B56F9F /* Main.storyboard */ = {
			isa = PBXVariantGroup;
			children = (
				08BB9C2325C916B100B56F9F /* Base */,
			);
			name = Main.storyboard;
			sourceTree = "<group>";
		};
		08BB9C2725C916B200B56F9F /* LaunchScreen.storyboard */ = {
			isa = PBXVariantGroup;
			children = (
				08BB9C2825C916B200B56F9F /* Base */,
			);
			name = LaunchScreen.storyboard;
			sourceTree = "<group>";
		};
/* End PBXVariantGroup section */

/* Begin XCBuildConfiguration section */
		08BB9C4125C916B200B56F9F /* Debug */ = {
			isa = XCBuildConfiguration;
			buildSettings = {
				ALWAYS_SEARCH_USER_PATHS = NO;
				CLANG_ANALYZER_LOCALIZABILITY_NONLOCALIZED = YES;
				CLANG_ANALYZER_NONNULL = YES;
				CLANG_ANALYZER_NUMBER_OBJECT_CONVERSION = YES_AGGRESSIVE;
				CLANG_CXX_LANGUAGE_STANDARD = "gnu++14";
				CLANG_CXX_LIBRARY = "libc++";
				CLANG_ENABLE_MODULES = YES;
				CLANG_ENABLE_OBJC_ARC = YES;
				CLANG_ENABLE_OBJC_WEAK = YES;
				CLANG_WARN_BLOCK_CAPTURE_AUTORELEASING = YES;
				CLANG_WARN_BOOL_CONVERSION = YES;
				CLANG_WARN_COMMA = YES;
				CLANG_WARN_CONSTANT_CONVERSION = YES;
				CLANG_WARN_DEPRECATED_OBJC_IMPLEMENTATIONS = YES;
				CLANG_WARN_DIRECT_OBJC_ISA_USAGE = YES_ERROR;
				CLANG_WARN_DOCUMENTATION_COMMENTS = YES;
				CLANG_WARN_EMPTY_BODY = YES;
				CLANG_WARN_ENUM_CONVERSION = YES;
				CLANG_WARN_INFINITE_RECURSION = YES;
				CLANG_WARN_INT_CONVERSION = YES;
				CLANG_WARN_NON_LITERAL_NULL_CONVERSION = YES;
				CLANG_WARN_OBJC_IMPLICIT_RETAIN_SELF = YES;
				CLANG_WARN_OBJC_LITERAL_CONVERSION = YES;
				CLANG_WARN_OBJC_ROOT_CLASS = YES_ERROR;
				CLANG_WARN_QUOTED_INCLUDE_IN_FRAMEWORK_HEADER = YES;
				CLANG_WARN_RANGE_LOOP_ANALYSIS = YES;
				CLANG_WARN_STRICT_PROTOTYPES = YES;
				CLANG_WARN_SUSPICIOUS_MOVE = YES;
				CLANG_WARN_UNGUARDED_AVAILABILITY = YES_AGGRESSIVE;
				CLANG_WARN_UNREACHABLE_CODE = YES;
				CLANG_WARN__DUPLICATE_METHOD_MATCH = YES;
				COPY_PHASE_STRIP = NO;
				DEBUG_INFORMATION_FORMAT = dwarf;
				ENABLE_STRICT_OBJC_MSGSEND = YES;
				ENABLE_TESTABILITY = YES;
				GCC_C_LANGUAGE_STANDARD = gnu11;
				GCC_DYNAMIC_NO_PIC = NO;
				GCC_NO_COMMON_BLOCKS = YES;
				GCC_OPTIMIZATION_LEVEL = 0;
				GCC_PREPROCESSOR_DEFINITIONS = (
					"DEBUG=1",
					"$(inherited)",
				);
				GCC_WARN_64_TO_32_BIT_CONVERSION = YES;
				GCC_WARN_ABOUT_RETURN_TYPE = YES_ERROR;
				GCC_WARN_UNDECLARED_SELECTOR = YES;
				GCC_WARN_UNINITIALIZED_AUTOS = YES_AGGRESSIVE;
				GCC_WARN_UNUSED_FUNCTION = YES;
				GCC_WARN_UNUSED_VARIABLE = YES;
				IPHONEOS_DEPLOYMENT_TARGET = 13.4;
				MTL_ENABLE_DEBUG_INFO = INCLUDE_SOURCE;
				MTL_FAST_MATH = YES;
				ONLY_ACTIVE_ARCH = YES;
				SDKROOT = iphoneos;
				SWIFT_ACTIVE_COMPILATION_CONDITIONS = DEBUG;
				SWIFT_OPTIMIZATION_LEVEL = "-Onone";
			};
			name = Debug;
		};
		08BB9C4225C916B200B56F9F /* Release */ = {
			isa = XCBuildConfiguration;
			buildSettings = {
				ALWAYS_SEARCH_USER_PATHS = NO;
				CLANG_ANALYZER_LOCALIZABILITY_NONLOCALIZED = YES;
				CLANG_ANALYZER_NONNULL = YES;
				CLANG_ANALYZER_NUMBER_OBJECT_CONVERSION = YES_AGGRESSIVE;
				CLANG_CXX_LANGUAGE_STANDARD = "gnu++14";
				CLANG_CXX_LIBRARY = "libc++";
				CLANG_ENABLE_MODULES = YES;
				CLANG_ENABLE_OBJC_ARC = YES;
				CLANG_ENABLE_OBJC_WEAK = YES;
				CLANG_WARN_BLOCK_CAPTURE_AUTORELEASING = YES;
				CLANG_WARN_BOOL_CONVERSION = YES;
				CLANG_WARN_COMMA = YES;
				CLANG_WARN_CONSTANT_CONVERSION = YES;
				CLANG_WARN_DEPRECATED_OBJC_IMPLEMENTATIONS = YES;
				CLANG_WARN_DIRECT_OBJC_ISA_USAGE = YES_ERROR;
				CLANG_WARN_DOCUMENTATION_COMMENTS = YES;
				CLANG_WARN_EMPTY_BODY = YES;
				CLANG_WARN_ENUM_CONVERSION = YES;
				CLANG_WARN_INFINITE_RECURSION = YES;
				CLANG_WARN_INT_CONVERSION = YES;
				CLANG_WARN_NON_LITERAL_NULL_CONVERSION = YES;
				CLANG_WARN_OBJC_IMPLICIT_RETAIN_SELF = YES;
				CLANG_WARN_OBJC_LITERAL_CONVERSION = YES;
				CLANG_WARN_OBJC_ROOT_CLASS = YES_ERROR;
				CLANG_WARN_QUOTED_INCLUDE_IN_FRAMEWORK_HEADER = YES;
				CLANG_WARN_RANGE_LOOP_ANALYSIS = YES;
				CLANG_WARN_STRICT_PROTOTYPES = YES;
				CLANG_WARN_SUSPICIOUS_MOVE = YES;
				CLANG_WARN_UNGUARDED_AVAILABILITY = YES_AGGRESSIVE;
				CLANG_WARN_UNREACHABLE_CODE = YES;
				CLANG_WARN__DUPLICATE_METHOD_MATCH = YES;
				COPY_PHASE_STRIP = NO;
				DEBUG_INFORMATION_FORMAT = "dwarf-with-dsym";
				ENABLE_NS_ASSERTIONS = NO;
				ENABLE_STRICT_OBJC_MSGSEND = YES;
				GCC_C_LANGUAGE_STANDARD = gnu11;
				GCC_NO_COMMON_BLOCKS = YES;
				GCC_WARN_64_TO_32_BIT_CONVERSION = YES;
				GCC_WARN_ABOUT_RETURN_TYPE = YES_ERROR;
				GCC_WARN_UNDECLARED_SELECTOR = YES;
				GCC_WARN_UNINITIALIZED_AUTOS = YES_AGGRESSIVE;
				GCC_WARN_UNUSED_FUNCTION = YES;
				GCC_WARN_UNUSED_VARIABLE = YES;
				IPHONEOS_DEPLOYMENT_TARGET = 13.4;
				MTL_ENABLE_DEBUG_INFO = NO;
				MTL_FAST_MATH = YES;
				SDKROOT = iphoneos;
				SWIFT_COMPILATION_MODE = wholemodule;
				SWIFT_OPTIMIZATION_LEVEL = "-O";
				VALIDATE_PRODUCT = YES;
			};
			name = Release;
		};
		08BB9C4425C916B200B56F9F /* Debug */ = {
			isa = XCBuildConfiguration;
			baseConfigurationReference = B2FB2480B3856C7A5CFDD554 /* Pods-WalkMyDog.debug.xcconfig */;
			buildSettings = {
				ASSETCATALOG_COMPILER_APPICON_NAME = AppIcon;
				ASSETCATALOG_COMPILER_GLOBAL_ACCENT_COLOR_NAME = AccentColor;
				CODE_SIGN_ENTITLEMENTS = WalkMyDog/WalkMyDog.entitlements;
				CODE_SIGN_STYLE = Automatic;
				DEVELOPMENT_TEAM = U59PP2KXJ5;
				INFOPLIST_FILE = WalkMyDog/Info.plist;
				IPHONEOS_DEPLOYMENT_TARGET = 14.0;
				LD_RUNPATH_SEARCH_PATHS = (
					"$(inherited)",
					"@executable_path/Frameworks",
				);
				PRODUCT_BUNDLE_IDENTIFIER = kr.co.thoonk.WalkMyDog;
				PRODUCT_NAME = "$(TARGET_NAME)";
				SWIFT_VERSION = 5.0;
				TARGETED_DEVICE_FAMILY = 1;
			};
			name = Debug;
		};
		08BB9C4525C916B200B56F9F /* Release */ = {
			isa = XCBuildConfiguration;
			baseConfigurationReference = 393F40DF326238D184E6818C /* Pods-WalkMyDog.release.xcconfig */;
			buildSettings = {
				ASSETCATALOG_COMPILER_APPICON_NAME = AppIcon;
				ASSETCATALOG_COMPILER_GLOBAL_ACCENT_COLOR_NAME = AccentColor;
				CODE_SIGN_ENTITLEMENTS = WalkMyDog/WalkMyDog.entitlements;
				CODE_SIGN_STYLE = Automatic;
				DEVELOPMENT_TEAM = U59PP2KXJ5;
				INFOPLIST_FILE = WalkMyDog/Info.plist;
				IPHONEOS_DEPLOYMENT_TARGET = 14.0;
				LD_RUNPATH_SEARCH_PATHS = (
					"$(inherited)",
					"@executable_path/Frameworks",
				);
				PRODUCT_BUNDLE_IDENTIFIER = kr.co.thoonk.WalkMyDog;
				PRODUCT_NAME = "$(TARGET_NAME)";
				SWIFT_VERSION = 5.0;
				TARGETED_DEVICE_FAMILY = 1;
			};
			name = Release;
		};
		08BB9C4725C916B200B56F9F /* Debug */ = {
			isa = XCBuildConfiguration;
			baseConfigurationReference = 26DE5F63269B9D000F48AD5B /* Pods-WalkMyDogTests.debug.xcconfig */;
			buildSettings = {
				ALWAYS_EMBED_SWIFT_STANDARD_LIBRARIES = YES;
				BUNDLE_LOADER = "$(TEST_HOST)";
				CODE_SIGN_STYLE = Automatic;
				DEVELOPMENT_TEAM = U59PP2KXJ5;
				INFOPLIST_FILE = WalkMyDogTests/Info.plist;
				IPHONEOS_DEPLOYMENT_TARGET = 14.4;
				LD_RUNPATH_SEARCH_PATHS = (
					"$(inherited)",
					"@executable_path/Frameworks",
					"@loader_path/Frameworks",
				);
				PRODUCT_BUNDLE_IDENTIFIER = kr.co.thoonk.WalkMyDogTests;
				PRODUCT_NAME = "$(TARGET_NAME)";
				SWIFT_VERSION = 5.0;
				TARGETED_DEVICE_FAMILY = "1,2";
				TEST_HOST = "$(BUILT_PRODUCTS_DIR)/WalkMyDog.app/WalkMyDog";
			};
			name = Debug;
		};
		08BB9C4825C916B200B56F9F /* Release */ = {
			isa = XCBuildConfiguration;
			baseConfigurationReference = 0293F19AFD3FFF3DC2C50323 /* Pods-WalkMyDogTests.release.xcconfig */;
			buildSettings = {
				ALWAYS_EMBED_SWIFT_STANDARD_LIBRARIES = YES;
				BUNDLE_LOADER = "$(TEST_HOST)";
				CODE_SIGN_STYLE = Automatic;
				DEVELOPMENT_TEAM = U59PP2KXJ5;
				INFOPLIST_FILE = WalkMyDogTests/Info.plist;
				IPHONEOS_DEPLOYMENT_TARGET = 14.4;
				LD_RUNPATH_SEARCH_PATHS = (
					"$(inherited)",
					"@executable_path/Frameworks",
					"@loader_path/Frameworks",
				);
				PRODUCT_BUNDLE_IDENTIFIER = kr.co.thoonk.WalkMyDogTests;
				PRODUCT_NAME = "$(TARGET_NAME)";
				SWIFT_VERSION = 5.0;
				TARGETED_DEVICE_FAMILY = "1,2";
				TEST_HOST = "$(BUILT_PRODUCTS_DIR)/WalkMyDog.app/WalkMyDog";
			};
			name = Release;
		};
		08BB9C4A25C916B200B56F9F /* Debug */ = {
			isa = XCBuildConfiguration;
			baseConfigurationReference = 7F3AC7967AEE9B3813178986 /* Pods-WalkMyDog-WalkMyDogUITests.debug.xcconfig */;
			buildSettings = {
				ALWAYS_EMBED_SWIFT_STANDARD_LIBRARIES = YES;
				CODE_SIGN_STYLE = Automatic;
				DEVELOPMENT_TEAM = U59PP2KXJ5;
				INFOPLIST_FILE = WalkMyDogUITests/Info.plist;
				LD_RUNPATH_SEARCH_PATHS = (
					"$(inherited)",
					"@executable_path/Frameworks",
					"@loader_path/Frameworks",
				);
				PRODUCT_BUNDLE_IDENTIFIER = kr.co.thoonk.WalkMyDogUITests;
				PRODUCT_NAME = "$(TARGET_NAME)";
				SWIFT_VERSION = 5.0;
				TARGETED_DEVICE_FAMILY = "1,2";
				TEST_TARGET_NAME = WalkMyDog;
			};
			name = Debug;
		};
		08BB9C4B25C916B200B56F9F /* Release */ = {
			isa = XCBuildConfiguration;
			baseConfigurationReference = 2D869BA44E1A05C60E8CDA05 /* Pods-WalkMyDog-WalkMyDogUITests.release.xcconfig */;
			buildSettings = {
				ALWAYS_EMBED_SWIFT_STANDARD_LIBRARIES = YES;
				CODE_SIGN_STYLE = Automatic;
				DEVELOPMENT_TEAM = U59PP2KXJ5;
				INFOPLIST_FILE = WalkMyDogUITests/Info.plist;
				LD_RUNPATH_SEARCH_PATHS = (
					"$(inherited)",
					"@executable_path/Frameworks",
					"@loader_path/Frameworks",
				);
				PRODUCT_BUNDLE_IDENTIFIER = kr.co.thoonk.WalkMyDogUITests;
				PRODUCT_NAME = "$(TARGET_NAME)";
				SWIFT_VERSION = 5.0;
				TARGETED_DEVICE_FAMILY = "1,2";
				TEST_TARGET_NAME = WalkMyDog;
			};
			name = Release;
		};
/* End XCBuildConfiguration section */

/* Begin XCConfigurationList section */
		08BB9C1425C916B100B56F9F /* Build configuration list for PBXProject "WalkMyDog" */ = {
			isa = XCConfigurationList;
			buildConfigurations = (
				08BB9C4125C916B200B56F9F /* Debug */,
				08BB9C4225C916B200B56F9F /* Release */,
			);
			defaultConfigurationIsVisible = 0;
			defaultConfigurationName = Release;
		};
		08BB9C4325C916B200B56F9F /* Build configuration list for PBXNativeTarget "WalkMyDog" */ = {
			isa = XCConfigurationList;
			buildConfigurations = (
				08BB9C4425C916B200B56F9F /* Debug */,
				08BB9C4525C916B200B56F9F /* Release */,
			);
			defaultConfigurationIsVisible = 0;
			defaultConfigurationName = Release;
		};
		08BB9C4625C916B200B56F9F /* Build configuration list for PBXNativeTarget "WalkMyDogTests" */ = {
			isa = XCConfigurationList;
			buildConfigurations = (
				08BB9C4725C916B200B56F9F /* Debug */,
				08BB9C4825C916B200B56F9F /* Release */,
			);
			defaultConfigurationIsVisible = 0;
			defaultConfigurationName = Release;
		};
		08BB9C4925C916B200B56F9F /* Build configuration list for PBXNativeTarget "WalkMyDogUITests" */ = {
			isa = XCConfigurationList;
			buildConfigurations = (
				08BB9C4A25C916B200B56F9F /* Debug */,
				08BB9C4B25C916B200B56F9F /* Release */,
			);
			defaultConfigurationIsVisible = 0;
			defaultConfigurationName = Release;
		};
/* End XCConfigurationList section */
	};
	rootObject = 08BB9C1125C916B100B56F9F /* Project object */;
}
